// !$*UTF8*$!
{
	archiveVersion = 1;
	classes = {
	};
	objectVersion = 46;
	objects = {

/* Begin PBXBuildFile section */
		8FEC5A1E19B3E21C00E53517 /* Foundation.framework in Frameworks */ = {isa = PBXBuildFile; fileRef = 8FEC5A1D19B3E21C00E53517 /* Foundation.framework */; };
		8FEC5A2019B3E21C00E53517 /* CoreGraphics.framework in Frameworks */ = {isa = PBXBuildFile; fileRef = 8FEC5A1F19B3E21C00E53517 /* CoreGraphics.framework */; };
		8FEC5A2219B3E21C00E53517 /* UIKit.framework in Frameworks */ = {isa = PBXBuildFile; fileRef = 8FEC5A2119B3E21C00E53517 /* UIKit.framework */; };
		8FEC5A2819B3E21C00E53517 /* InfoPlist.strings in Resources */ = {isa = PBXBuildFile; fileRef = 8FEC5A2619B3E21C00E53517 /* InfoPlist.strings */; };
		8FEC5A2A19B3E21C00E53517 /* main.m in Sources */ = {isa = PBXBuildFile; fileRef = 8FEC5A2919B3E21C00E53517 /* main.m */; };
		8FEC5A2E19B3E21C00E53517 /* ITAppDelegate.m in Sources */ = {isa = PBXBuildFile; fileRef = 8FEC5A2D19B3E21C00E53517 /* ITAppDelegate.m */; };
		8FEC5A3119B3E21C00E53517 /* Main.storyboard in Resources */ = {isa = PBXBuildFile; fileRef = 8FEC5A2F19B3E21C00E53517 /* Main.storyboard */; };
		8FEC5A3919B3E21D00E53517 /* Images.xcassets in Resources */ = {isa = PBXBuildFile; fileRef = 8FEC5A3819B3E21D00E53517 /* Images.xcassets */; };
		8FEC5A4019B3E21D00E53517 /* XCTest.framework in Frameworks */ = {isa = PBXBuildFile; fileRef = 8FEC5A3F19B3E21D00E53517 /* XCTest.framework */; };
		8FEC5A4119B3E21D00E53517 /* Foundation.framework in Frameworks */ = {isa = PBXBuildFile; fileRef = 8FEC5A1D19B3E21C00E53517 /* Foundation.framework */; };
		8FEC5A4219B3E21D00E53517 /* UIKit.framework in Frameworks */ = {isa = PBXBuildFile; fileRef = 8FEC5A2119B3E21C00E53517 /* UIKit.framework */; };
		8FEC5A4A19B3E21D00E53517 /* InfoPlist.strings in Resources */ = {isa = PBXBuildFile; fileRef = 8FEC5A4819B3E21D00E53517 /* InfoPlist.strings */; };
		8FEC5A4C19B3E21D00E53517 /* MatchedUpTests.m in Sources */ = {isa = PBXBuildFile; fileRef = 8FEC5A4B19B3E21D00E53517 /* MatchedUpTests.m */; };
		8FEC5A5719B3E2FD00E53517 /* ITLoginViewController.m in Sources */ = {isa = PBXBuildFile; fileRef = 8FEC5A5619B3E2FD00E53517 /* ITLoginViewController.m */; };
		8FEC5A5B19B5721900E53517 /* ITConstants.m in Sources */ = {isa = PBXBuildFile; fileRef = 8FEC5A5A19B5721900E53517 /* ITConstants.m */; };
		8FEC5A5F19B6C98300E53517 /* ITHomeViewController.m in Sources */ = {isa = PBXBuildFile; fileRef = 8FEC5A5E19B6C98300E53517 /* ITHomeViewController.m */; };
		8FEC5A6319B6CF6A00E53517 /* ITSettingsViewController.m in Sources */ = {isa = PBXBuildFile; fileRef = 8FEC5A6219B6CF6A00E53517 /* ITSettingsViewController.m */; };
		8FEC5A6719BA163200E53517 /* ITEditProfileViewController.m in Sources */ = {isa = PBXBuildFile; fileRef = 8FEC5A6619BA163200E53517 /* ITEditProfileViewController.m */; };
		8FEC5A6B19BA19AF00E53517 /* ITProfileViewController.m in Sources */ = {isa = PBXBuildFile; fileRef = 8FEC5A6A19BA19AF00E53517 /* ITProfileViewController.m */; };
		8FEC5A6F19BA723500E53517 /* ITTestUser.m in Sources */ = {isa = PBXBuildFile; fileRef = 8FEC5A6E19BA723500E53517 /* ITTestUser.m */; };
		8FEC5A7119BA763300E53517 /* profileImage.jpeg in Resources */ = {isa = PBXBuildFile; fileRef = 8FEC5A7019BA763300E53517 /* profileImage.jpeg */; };
		8FEC5A7519BC0F6F00E53517 /* ITMatchViewController.m in Sources */ = {isa = PBXBuildFile; fileRef = 8FEC5A7419BC0F6F00E53517 /* ITMatchViewController.m */; };
		8FEC5A7919BC129300E53517 /* ITMatchesViewController.m in Sources */ = {isa = PBXBuildFile; fileRef = 8FEC5A7819BC129300E53517 /* ITMatchesViewController.m */; };
		8FEC5A7D19BC176C00E53517 /* ITChatViewController.m in Sources */ = {isa = PBXBuildFile; fileRef = 8FEC5A7C19BC176C00E53517 /* ITChatViewController.m */; };
		8FEC5A7F19BEB9BF00E53517 /* defaultPrefsFile.plist in Resources */ = {isa = PBXBuildFile; fileRef = 8FEC5A7E19BEB9BF00E53517 /* defaultPrefsFile.plist */; };
		8FEC5C5A19BFF55400E53517 /* BG.png in Resources */ = {isa = PBXBuildFile; fileRef = 8FEC5BB919BFF55400E53517 /* BG.png */; };
		8FEC5C5B19BFF55400E53517 /* BG@2x.png in Resources */ = {isa = PBXBuildFile; fileRef = 8FEC5BBA19BFF55400E53517 /* BG@2x.png */; };
		8FEC5C5C19BFF55400E53517 /* BG.png in Resources */ = {isa = PBXBuildFile; fileRef = 8FEC5BBB19BFF55400E53517 /* BG.png */; };
		8FEC5C5D19BFF55400E53517 /* BG@2x.png in Resources */ = {isa = PBXBuildFile; fileRef = 8FEC5BBC19BFF55400E53517 /* BG@2x.png */; };
		8FEC5C5E19BFF55400E53517 /* Facebook.png in Resources */ = {isa = PBXBuildFile; fileRef = 8FEC5BBE19BFF55400E53517 /* Facebook.png */; };
		8FEC5C5F19BFF55400E53517 /* Facebook@2x.png in Resources */ = {isa = PBXBuildFile; fileRef = 8FEC5BBF19BFF55400E53517 /* Facebook@2x.png */; };
		8FEC5C6019BFF55400E53517 /* Logo.png in Resources */ = {isa = PBXBuildFile; fileRef = 8FEC5BC019BFF55400E53517 /* Logo.png */; };
		8FEC5C6119BFF55400E53517 /* Logo@2x.png in Resources */ = {isa = PBXBuildFile; fileRef = 8FEC5BC119BFF55400E53517 /* Logo@2x.png */; };
		8FEC5C6219BFF55400E53517 /* BG.png in Resources */ = {isa = PBXBuildFile; fileRef = 8FEC5BC319BFF55400E53517 /* BG.png */; };
		8FEC5C6319BFF55400E53517 /* BG@2x.png in Resources */ = {isa = PBXBuildFile; fileRef = 8FEC5BC419BFF55400E53517 /* BG@2x.png */; };
		8FEC5C6419BFF55400E53517 /* ChatIcon.png in Resources */ = {isa = PBXBuildFile; fileRef = 8FEC5BC519BFF55400E53517 /* ChatIcon.png */; };
		8FEC5C6519BFF55400E53517 /* ChatIcon@2x.png in Resources */ = {isa = PBXBuildFile; fileRef = 8FEC5BC619BFF55400E53517 /* ChatIcon@2x.png */; };
		8FEC5C6619BFF55400E53517 /* DislikeIcon.png in Resources */ = {isa = PBXBuildFile; fileRef = 8FEC5BC719BFF55400E53517 /* DislikeIcon.png */; };
		8FEC5C6719BFF55400E53517 /* DislikeIcon@2x.png in Resources */ = {isa = PBXBuildFile; fileRef = 8FEC5BC819BFF55400E53517 /* DislikeIcon@2x.png */; };
		8FEC5C6819BFF55400E53517 /* InfoIcon.png in Resources */ = {isa = PBXBuildFile; fileRef = 8FEC5BC919BFF55400E53517 /* InfoIcon.png */; };
		8FEC5C6919BFF55400E53517 /* InfoIcon@2x.png in Resources */ = {isa = PBXBuildFile; fileRef = 8FEC5BCA19BFF55400E53517 /* InfoIcon@2x.png */; };
		8FEC5C6A19BFF55400E53517 /* LikeIcon.png in Resources */ = {isa = PBXBuildFile; fileRef = 8FEC5BCB19BFF55400E53517 /* LikeIcon.png */; };
		8FEC5C6B19BFF55400E53517 /* LikeIcon@2x.png in Resources */ = {isa = PBXBuildFile; fileRef = 8FEC5BCC19BFF55400E53517 /* LikeIcon@2x.png */; };
		8FEC5C6C19BFF55400E53517 /* Matched-Up.png in Resources */ = {isa = PBXBuildFile; fileRef = 8FEC5BCD19BFF55400E53517 /* Matched-Up.png */; };
		8FEC5C6D19BFF55400E53517 /* Matched-Up@2x.png in Resources */ = {isa = PBXBuildFile; fileRef = 8FEC5BCE19BFF55400E53517 /* Matched-Up@2x.png */; };
		8FEC5C6E19BFF55400E53517 /* SettingIcon.png in Resources */ = {isa = PBXBuildFile; fileRef = 8FEC5BCF19BFF55400E53517 /* SettingIcon.png */; };
		8FEC5C6F19BFF55400E53517 /* SettingIcon@2x.png in Resources */ = {isa = PBXBuildFile; fileRef = 8FEC5BD019BFF55400E53517 /* SettingIcon@2x.png */; };
		8FEC5C7019BFF55400E53517 /* Top_NavBG.png in Resources */ = {isa = PBXBuildFile; fileRef = 8FEC5BD119BFF55400E53517 /* Top_NavBG.png */; };
		8FEC5C7119BFF55400E53517 /* Top_NavBG@2x.png in Resources */ = {isa = PBXBuildFile; fileRef = 8FEC5BD219BFF55400E53517 /* Top_NavBG@2x.png */; };
		8FEC5C7219BFF55400E53517 /* User_Image.png in Resources */ = {isa = PBXBuildFile; fileRef = 8FEC5BD319BFF55400E53517 /* User_Image.png */; };
		8FEC5C7319BFF55400E53517 /* User_Image@2x.png in Resources */ = {isa = PBXBuildFile; fileRef = 8FEC5BD419BFF55400E53517 /* User_Image@2x.png */; };
		8FEC5C7419BFF55400E53517 /* VP_BG.png in Resources */ = {isa = PBXBuildFile; fileRef = 8FEC5BD519BFF55400E53517 /* VP_BG.png */; };
		8FEC5C7519BFF55400E53517 /* VP_BG@2x.png in Resources */ = {isa = PBXBuildFile; fileRef = 8FEC5BD619BFF55400E53517 /* VP_BG@2x.png */; };
		8FEC5C7619BFF55400E53517 /* About_BG.png in Resources */ = {isa = PBXBuildFile; fileRef = 8FEC5BD819BFF55400E53517 /* About_BG.png */; };
		8FEC5C7719BFF55400E53517 /* About_BG@2x.png in Resources */ = {isa = PBXBuildFile; fileRef = 8FEC5BD919BFF55400E53517 /* About_BG@2x.png */; };
		8FEC5C7819BFF55400E53517 /* AgeIcon.png in Resources */ = {isa = PBXBuildFile; fileRef = 8FEC5BDA19BFF55400E53517 /* AgeIcon.png */; };
		8FEC5C7919BFF55400E53517 /* AgeIcon@2x.png in Resources */ = {isa = PBXBuildFile; fileRef = 8FEC5BDB19BFF55400E53517 /* AgeIcon@2x.png */; };
		8FEC5C7A19BFF55400E53517 /* BG.png in Resources */ = {isa = PBXBuildFile; fileRef = 8FEC5BDC19BFF55400E53517 /* BG.png */; };
		8FEC5C7B19BFF55400E53517 /* BG@2x.png in Resources */ = {isa = PBXBuildFile; fileRef = 8FEC5BDD19BFF55400E53517 /* BG@2x.png */; };
		8FEC5C7C19BFF55400E53517 /* ChatIcon.png in Resources */ = {isa = PBXBuildFile; fileRef = 8FEC5BDE19BFF55400E53517 /* ChatIcon.png */; };
		8FEC5C7D19BFF55400E53517 /* ChatIcon@2x.png in Resources */ = {isa = PBXBuildFile; fileRef = 8FEC5BDF19BFF55400E53517 /* ChatIcon@2x.png */; };
		8FEC5C7E19BFF55400E53517 /* DislikeIcon.png in Resources */ = {isa = PBXBuildFile; fileRef = 8FEC5BE019BFF55400E53517 /* DislikeIcon.png */; };
		8FEC5C7F19BFF55400E53517 /* DislikeIcon@2x.png in Resources */ = {isa = PBXBuildFile; fileRef = 8FEC5BE119BFF55400E53517 /* DislikeIcon@2x.png */; };
		8FEC5C8019BFF55400E53517 /* InfoIcon.png in Resources */ = {isa = PBXBuildFile; fileRef = 8FEC5BE219BFF55400E53517 /* InfoIcon.png */; };
		8FEC5C8119BFF55400E53517 /* InfoIcon@2x.png in Resources */ = {isa = PBXBuildFile; fileRef = 8FEC5BE319BFF55400E53517 /* InfoIcon@2x.png */; };
		8FEC5C8219BFF55400E53517 /* LikeIcon.png in Resources */ = {isa = PBXBuildFile; fileRef = 8FEC5BE419BFF55400E53517 /* LikeIcon.png */; };
		8FEC5C8319BFF55400E53517 /* LikeIcon@2x.png in Resources */ = {isa = PBXBuildFile; fileRef = 8FEC5BE519BFF55400E53517 /* LikeIcon@2x.png */; };
		8FEC5C8419BFF55400E53517 /* location.png in Resources */ = {isa = PBXBuildFile; fileRef = 8FEC5BE619BFF55400E53517 /* location.png */; };
		8FEC5C8519BFF55400E53517 /* location@2x.png in Resources */ = {isa = PBXBuildFile; fileRef = 8FEC5BE719BFF55400E53517 /* location@2x.png */; };
		8FEC5C8619BFF55400E53517 /* NameAgeStatusBar.png in Resources */ = {isa = PBXBuildFile; fileRef = 8FEC5BE819BFF55400E53517 /* NameAgeStatusBar.png */; };
		8FEC5C8719BFF55400E53517 /* NameAgeStatusBar@2x.png in Resources */ = {isa = PBXBuildFile; fileRef = 8FEC5BE919BFF55400E53517 /* NameAgeStatusBar@2x.png */; };
		8FEC5C8819BFF55400E53517 /* SettingIcon.png in Resources */ = {isa = PBXBuildFile; fileRef = 8FEC5BEA19BFF55400E53517 /* SettingIcon.png */; };
		8FEC5C8919BFF55400E53517 /* SettingIcon@2x.png in Resources */ = {isa = PBXBuildFile; fileRef = 8FEC5BEB19BFF55400E53517 /* SettingIcon@2x.png */; };
		8FEC5C8A19BFF55400E53517 /* Single.png in Resources */ = {isa = PBXBuildFile; fileRef = 8FEC5BEC19BFF55400E53517 /* Single.png */; };
		8FEC5C8B19BFF55400E53517 /* Single@2x.png in Resources */ = {isa = PBXBuildFile; fileRef = 8FEC5BED19BFF55400E53517 /* Single@2x.png */; };
		8FEC5C8C19BFF55400E53517 /* StatusIcon.png in Resources */ = {isa = PBXBuildFile; fileRef = 8FEC5BEE19BFF55400E53517 /* StatusIcon.png */; };
		8FEC5C8D19BFF55400E53517 /* StatusIcon@2x.png in Resources */ = {isa = PBXBuildFile; fileRef = 8FEC5BEF19BFF55400E53517 /* StatusIcon@2x.png */; };
		8FEC5C8E19BFF55400E53517 /* UserImage.png in Resources */ = {isa = PBXBuildFile; fileRef = 8FEC5BF019BFF55400E53517 /* UserImage.png */; };
		8FEC5C8F19BFF55400E53517 /* UserImage@2x.png in Resources */ = {isa = PBXBuildFile; fileRef = 8FEC5BF119BFF55400E53517 /* UserImage@2x.png */; };
		8FEC5C9019BFF55400E53517 /* VP_BG.png in Resources */ = {isa = PBXBuildFile; fileRef = 8FEC5BF219BFF55400E53517 /* VP_BG.png */; };
		8FEC5C9119BFF55400E53517 /* VP_BG@2x.png in Resources */ = {isa = PBXBuildFile; fileRef = 8FEC5BF319BFF55400E53517 /* VP_BG@2x.png */; };
		8FEC5C9219BFF55400E53517 /* back-icon.png in Resources */ = {isa = PBXBuildFile; fileRef = 8FEC5BF519BFF55400E53517 /* back-icon.png */; };
		8FEC5C9319BFF55400E53517 /* back-icon@2x.png in Resources */ = {isa = PBXBuildFile; fileRef = 8FEC5BF619BFF55400E53517 /* back-icon@2x.png */; };
		8FEC5C9419BFF55400E53517 /* BG.png in Resources */ = {isa = PBXBuildFile; fileRef = 8FEC5BF719BFF55400E53517 /* BG.png */; };
		8FEC5C9519BFF55400E53517 /* BG@2x.png in Resources */ = {isa = PBXBuildFile; fileRef = 8FEC5BF819BFF55400E53517 /* BG@2x.png */; };
		8FEC5C9619BFF55400E53517 /* Chat_user.png in Resources */ = {isa = PBXBuildFile; fileRef = 8FEC5BF919BFF55400E53517 /* Chat_user.png */; };
		8FEC5C9719BFF55400E53517 /* Chat_user@2x.png in Resources */ = {isa = PBXBuildFile; fileRef = 8FEC5BFA19BFF55400E53517 /* Chat_user@2x.png */; };
		8FEC5C9819BFF55400E53517 /* menu-icon.png in Resources */ = {isa = PBXBuildFile; fileRef = 8FEC5BFB19BFF55400E53517 /* menu-icon.png */; };
		8FEC5C9919BFF55400E53517 /* menu-icon@2x.png in Resources */ = {isa = PBXBuildFile; fileRef = 8FEC5BFC19BFF55400E53517 /* menu-icon@2x.png */; };
		8FEC5C9A19BFF55400E53517 /* SettingIcon.png in Resources */ = {isa = PBXBuildFile; fileRef = 8FEC5BFD19BFF55400E53517 /* SettingIcon.png */; };
		8FEC5C9B19BFF55400E53517 /* SettingIcon@2x.png in Resources */ = {isa = PBXBuildFile; fileRef = 8FEC5BFE19BFF55400E53517 /* SettingIcon@2x.png */; };
		8FEC5C9C19BFF55400E53517 /* Top_NavBG.png in Resources */ = {isa = PBXBuildFile; fileRef = 8FEC5BFF19BFF55400E53517 /* Top_NavBG.png */; };
		8FEC5C9D19BFF55400E53517 /* Top_NavBG@2x.png in Resources */ = {isa = PBXBuildFile; fileRef = 8FEC5C0019BFF55400E53517 /* Top_NavBG@2x.png */; };
		8FEC5C9E19BFF55400E53517 /* back-icon.png in Resources */ = {isa = PBXBuildFile; fileRef = 8FEC5C0219BFF55400E53517 /* back-icon.png */; };
		8FEC5C9F19BFF55400E53517 /* back-icon@2x.png in Resources */ = {isa = PBXBuildFile; fileRef = 8FEC5C0319BFF55400E53517 /* back-icon@2x.png */; };
		8FEC5CA019BFF55400E53517 /* BG.png in Resources */ = {isa = PBXBuildFile; fileRef = 8FEC5C0419BFF55400E53517 /* BG.png */; };
		8FEC5CA119BFF55400E53517 /* BG@2x.png in Resources */ = {isa = PBXBuildFile; fileRef = 8FEC5C0519BFF55400E53517 /* BG@2x.png */; };
		8FEC5CA219BFF55400E53517 /* form.png in Resources */ = {isa = PBXBuildFile; fileRef = 8FEC5C0619BFF55400E53517 /* form.png */; };
		8FEC5CA319BFF55400E53517 /* form@2x.png in Resources */ = {isa = PBXBuildFile; fileRef = 8FEC5C0719BFF55400E53517 /* form@2x.png */; };
		8FEC5CA419BFF55400E53517 /* menu-icon.png in Resources */ = {isa = PBXBuildFile; fileRef = 8FEC5C0819BFF55400E53517 /* menu-icon.png */; };
		8FEC5CA519BFF55400E53517 /* menu-icon@2x.png in Resources */ = {isa = PBXBuildFile; fileRef = 8FEC5C0919BFF55400E53517 /* menu-icon@2x.png */; };
		8FEC5CA619BFF55400E53517 /* Send_Bar_BG.png in Resources */ = {isa = PBXBuildFile; fileRef = 8FEC5C0A19BFF55400E53517 /* Send_Bar_BG.png */; };
		8FEC5CA719BFF55400E53517 /* Send_Bar_BG@2x.png in Resources */ = {isa = PBXBuildFile; fileRef = 8FEC5C0B19BFF55400E53517 /* Send_Bar_BG@2x.png */; };
		8FEC5CA819BFF55400E53517 /* SettingIcon.png in Resources */ = {isa = PBXBuildFile; fileRef = 8FEC5C0C19BFF55400E53517 /* SettingIcon.png */; };
		8FEC5CA919BFF55400E53517 /* SettingIcon@2x.png in Resources */ = {isa = PBXBuildFile; fileRef = 8FEC5C0D19BFF55400E53517 /* SettingIcon@2x.png */; };
		8FEC5CAA19BFF55400E53517 /* Top_NavBG.png in Resources */ = {isa = PBXBuildFile; fileRef = 8FEC5C0E19BFF55400E53517 /* Top_NavBG.png */; };
		8FEC5CAB19BFF55400E53517 /* Top_NavBG@2x.png in Resources */ = {isa = PBXBuildFile; fileRef = 8FEC5C0F19BFF55400E53517 /* Top_NavBG@2x.png */; };
		8FEC5CAC19BFF55400E53517 /* back-icon.png in Resources */ = {isa = PBXBuildFile; fileRef = 8FEC5C1119BFF55400E53517 /* back-icon.png */; };
		8FEC5CAD19BFF55400E53517 /* back-icon@2x.png in Resources */ = {isa = PBXBuildFile; fileRef = 8FEC5C1219BFF55400E53517 /* back-icon@2x.png */; };
		8FEC5CAE19BFF55400E53517 /* BG.png in Resources */ = {isa = PBXBuildFile; fileRef = 8FEC5C1319BFF55400E53517 /* BG.png */; };
		8FEC5CAF19BFF55400E53517 /* BG@2x.png in Resources */ = {isa = PBXBuildFile; fileRef = 8FEC5C1419BFF55400E53517 /* BG@2x.png */; };
		8FEC5CB019BFF55400E53517 /* EditProfile.png in Resources */ = {isa = PBXBuildFile; fileRef = 8FEC5C1519BFF55400E53517 /* EditProfile.png */; };
		8FEC5CB119BFF55400E53517 /* EditProfile@2x.png in Resources */ = {isa = PBXBuildFile; fileRef = 8FEC5C1619BFF55400E53517 /* EditProfile@2x.png */; };
		8FEC5CB219BFF55400E53517 /* Logout.png in Resources */ = {isa = PBXBuildFile; fileRef = 8FEC5C1719BFF55400E53517 /* Logout.png */; };
		8FEC5CB319BFF55400E53517 /* Logout@2x.png in Resources */ = {isa = PBXBuildFile; fileRef = 8FEC5C1819BFF55400E53517 /* Logout@2x.png */; };
		8FEC5CB419BFF55400E53517 /* menu-icon.png in Resources */ = {isa = PBXBuildFile; fileRef = 8FEC5C1919BFF55400E53517 /* menu-icon.png */; };
		8FEC5CB519BFF55400E53517 /* menu-icon@2x.png in Resources */ = {isa = PBXBuildFile; fileRef = 8FEC5C1A19BFF55400E53517 /* menu-icon@2x.png */; };
		8FEC5CB619BFF55400E53517 /* SettingIcon.png in Resources */ = {isa = PBXBuildFile; fileRef = 8FEC5C1B19BFF55400E53517 /* SettingIcon.png */; };
		8FEC5CB719BFF55400E53517 /* SettingIcon@2x.png in Resources */ = {isa = PBXBuildFile; fileRef = 8FEC5C1C19BFF55400E53517 /* SettingIcon@2x.png */; };
		8FEC5CB819BFF55400E53517 /* Top_NavBG.png in Resources */ = {isa = PBXBuildFile; fileRef = 8FEC5C1D19BFF55400E53517 /* Top_NavBG.png */; };
		8FEC5CB919BFF55400E53517 /* Top_NavBG@2x.png in Resources */ = {isa = PBXBuildFile; fileRef = 8FEC5C1E19BFF55400E53517 /* Top_NavBG@2x.png */; };
		8FEC5CBA19BFF55400E53517 /* About_BG.png in Resources */ = {isa = PBXBuildFile; fileRef = 8FEC5C2019BFF55400E53517 /* About_BG.png */; };
		8FEC5CBB19BFF55400E53517 /* About_BG@2x.png in Resources */ = {isa = PBXBuildFile; fileRef = 8FEC5C2119BFF55400E53517 /* About_BG@2x.png */; };
		8FEC5CBC19BFF55400E53517 /* back-icon.png in Resources */ = {isa = PBXBuildFile; fileRef = 8FEC5C2219BFF55400E53517 /* back-icon.png */; };
		8FEC5CBD19BFF55400E53517 /* back-icon@2x.png in Resources */ = {isa = PBXBuildFile; fileRef = 8FEC5C2319BFF55400E53517 /* back-icon@2x.png */; };
		8FEC5CBE19BFF55400E53517 /* BG.png in Resources */ = {isa = PBXBuildFile; fileRef = 8FEC5C2419BFF55400E53517 /* BG.png */; };
		8FEC5CBF19BFF55400E53517 /* BG@2x.png in Resources */ = {isa = PBXBuildFile; fileRef = 8FEC5C2519BFF55400E53517 /* BG@2x.png */; };
		8FEC5CC019BFF55400E53517 /* menu-icon.png in Resources */ = {isa = PBXBuildFile; fileRef = 8FEC5C2619BFF55400E53517 /* menu-icon.png */; };
		8FEC5CC119BFF55400E53517 /* menu-icon@2x.png in Resources */ = {isa = PBXBuildFile; fileRef = 8FEC5C2719BFF55400E53517 /* menu-icon@2x.png */; };
		8FEC5CC219BFF55400E53517 /* SettingIcon.png in Resources */ = {isa = PBXBuildFile; fileRef = 8FEC5C2819BFF55400E53517 /* SettingIcon.png */; };
		8FEC5CC319BFF55400E53517 /* SettingIcon@2x.png in Resources */ = {isa = PBXBuildFile; fileRef = 8FEC5C2919BFF55400E53517 /* SettingIcon@2x.png */; };
		8FEC5CC419BFF55400E53517 /* Top_NavBG.png in Resources */ = {isa = PBXBuildFile; fileRef = 8FEC5C2A19BFF55400E53517 /* Top_NavBG.png */; };
		8FEC5CC519BFF55400E53517 /* Top_NavBG@2x.png in Resources */ = {isa = PBXBuildFile; fileRef = 8FEC5C2B19BFF55400E53517 /* Top_NavBG@2x.png */; };
		8FEC5CC619BFF55400E53517 /* UserImage.png in Resources */ = {isa = PBXBuildFile; fileRef = 8FEC5C2C19BFF55400E53517 /* UserImage.png */; };
		8FEC5CC719BFF55400E53517 /* UserImage@2x.png in Resources */ = {isa = PBXBuildFile; fileRef = 8FEC5C2D19BFF55400E53517 /* UserImage@2x.png */; };
		8FEC5CC819BFF55400E53517 /* ChatNow_Icon.png in Resources */ = {isa = PBXBuildFile; fileRef = 8FEC5C2F19BFF55400E53517 /* ChatNow_Icon.png */; };
		8FEC5CC919BFF55400E53517 /* ChatNow_Icon@2x.png in Resources */ = {isa = PBXBuildFile; fileRef = 8FEC5C3019BFF55400E53517 /* ChatNow_Icon@2x.png */; };
		8FEC5CCA19BFF55400E53517 /* Close-Button.png in Resources */ = {isa = PBXBuildFile; fileRef = 8FEC5C3119BFF55400E53517 /* Close-Button.png */; };
		8FEC5CCB19BFF55400E53517 /* Close-Button@2x.png in Resources */ = {isa = PBXBuildFile; fileRef = 8FEC5C3219BFF55400E53517 /* Close-Button@2x.png */; };
		8FEC5CCC19BFF55400E53517 /* back-icon.png in Resources */ = {isa = PBXBuildFile; fileRef = 8FEC5C3419BFF55400E53517 /* back-icon.png */; };
		8FEC5CCD19BFF55400E53517 /* back-icon@2x.png in Resources */ = {isa = PBXBuildFile; fileRef = 8FEC5C3519BFF55400E53517 /* back-icon@2x.png */; };
		8FEC5CCE19BFF55400E53517 /* ChatIcon.png in Resources */ = {isa = PBXBuildFile; fileRef = 8FEC5C3619BFF55400E53517 /* ChatIcon.png */; };
		8FEC5CCF19BFF55400E53517 /* ChatIcon@2x.png in Resources */ = {isa = PBXBuildFile; fileRef = 8FEC5C3719BFF55400E53517 /* ChatIcon@2x.png */; };
		8FEC5CD019BFF55400E53517 /* SettingIcon.png in Resources */ = {isa = PBXBuildFile; fileRef = 8FEC5C3819BFF55400E53517 /* SettingIcon.png */; };
		8FEC5CD119BFF55400E53517 /* SettingIcon@2x.png in Resources */ = {isa = PBXBuildFile; fileRef = 8FEC5C3919BFF55400E53517 /* SettingIcon@2x.png */; };
		8FEC5CD219BFF55400E53517 /* 1024_icon-1-01.png in Resources */ = {isa = PBXBuildFile; fileRef = 8FEC5C3C19BFF55400E53517 /* 1024_icon-1-01.png */; };
		8FEC5CD319BFF55400E53517 /* Icon-72.png in Resources */ = {isa = PBXBuildFile; fileRef = 8FEC5C3E19BFF55400E53517 /* Icon-72.png */; };
		8FEC5CD419BFF55400E53517 /* Icon-72@2x.png in Resources */ = {isa = PBXBuildFile; fileRef = 8FEC5C3F19BFF55400E53517 /* Icon-72@2x.png */; };
		8FEC5CD519BFF55400E53517 /* Icon-Small-50.png in Resources */ = {isa = PBXBuildFile; fileRef = 8FEC5C4019BFF55400E53517 /* Icon-Small-50.png */; };
		8FEC5CD619BFF55400E53517 /* Icon-Small-50@2x.png in Resources */ = {isa = PBXBuildFile; fileRef = 8FEC5C4119BFF55400E53517 /* Icon-Small-50@2x.png */; };
		8FEC5CD719BFF55400E53517 /* Icon-Small.png in Resources */ = {isa = PBXBuildFile; fileRef = 8FEC5C4219BFF55400E53517 /* Icon-Small.png */; };
		8FEC5CD819BFF55400E53517 /* Icon-Small@2x.png in Resources */ = {isa = PBXBuildFile; fileRef = 8FEC5C4319BFF55400E53517 /* Icon-Small@2x.png */; };
		8FEC5CD919BFF55400E53517 /* Icon.png in Resources */ = {isa = PBXBuildFile; fileRef = 8FEC5C4419BFF55400E53517 /* Icon.png */; };
		8FEC5CDA19BFF55400E53517 /* Icon@2x.png in Resources */ = {isa = PBXBuildFile; fileRef = 8FEC5C4519BFF55400E53517 /* Icon@2x.png */; };
		8FEC5CDB19BFF55400E53517 /* iTunesArtwork.png in Resources */ = {isa = PBXBuildFile; fileRef = 8FEC5C4619BFF55400E53517 /* iTunesArtwork.png */; };
		8FEC5CDC19BFF55400E53517 /* iTunesArtwork@2x.png in Resources */ = {isa = PBXBuildFile; fileRef = 8FEC5C4719BFF55400E53517 /* iTunesArtwork@2x.png */; };
		8FEC5CDD19BFF55400E53517 /* Icon-40.png in Resources */ = {isa = PBXBuildFile; fileRef = 8FEC5C4919BFF55400E53517 /* Icon-40.png */; };
		8FEC5CDE19BFF55400E53517 /* Icon-40@2x.png in Resources */ = {isa = PBXBuildFile; fileRef = 8FEC5C4A19BFF55400E53517 /* Icon-40@2x.png */; };
		8FEC5CDF19BFF55400E53517 /* Icon-60.png in Resources */ = {isa = PBXBuildFile; fileRef = 8FEC5C4B19BFF55400E53517 /* Icon-60.png */; };
		8FEC5CE019BFF55400E53517 /* Icon-60@2x.png in Resources */ = {isa = PBXBuildFile; fileRef = 8FEC5C4C19BFF55400E53517 /* Icon-60@2x.png */; };
		8FEC5CE119BFF55400E53517 /* Icon-72.png in Resources */ = {isa = PBXBuildFile; fileRef = 8FEC5C4D19BFF55400E53517 /* Icon-72.png */; };
		8FEC5CE219BFF55400E53517 /* Icon-72@2x.png in Resources */ = {isa = PBXBuildFile; fileRef = 8FEC5C4E19BFF55400E53517 /* Icon-72@2x.png */; };
		8FEC5CE319BFF55400E53517 /* Icon-76.png in Resources */ = {isa = PBXBuildFile; fileRef = 8FEC5C4F19BFF55400E53517 /* Icon-76.png */; };
		8FEC5CE419BFF55400E53517 /* Icon-76@2x.png in Resources */ = {isa = PBXBuildFile; fileRef = 8FEC5C5019BFF55400E53517 /* Icon-76@2x.png */; };
		8FEC5CE519BFF55400E53517 /* Icon-Small-50.png in Resources */ = {isa = PBXBuildFile; fileRef = 8FEC5C5119BFF55400E53517 /* Icon-Small-50.png */; };
		8FEC5CE619BFF55400E53517 /* Icon-Small-50@2x.png in Resources */ = {isa = PBXBuildFile; fileRef = 8FEC5C5219BFF55400E53517 /* Icon-Small-50@2x.png */; };
		8FEC5CE719BFF55400E53517 /* Icon-Small.png in Resources */ = {isa = PBXBuildFile; fileRef = 8FEC5C5319BFF55400E53517 /* Icon-Small.png */; };
		8FEC5CE819BFF55400E53517 /* Icon-Small@2x.png in Resources */ = {isa = PBXBuildFile; fileRef = 8FEC5C5419BFF55400E53517 /* Icon-Small@2x.png */; };
		8FEC5CE919BFF55400E53517 /* Icon.png in Resources */ = {isa = PBXBuildFile; fileRef = 8FEC5C5519BFF55400E53517 /* Icon.png */; };
		8FEC5CEA19BFF55400E53517 /* Icon@2x.png in Resources */ = {isa = PBXBuildFile; fileRef = 8FEC5C5619BFF55400E53517 /* Icon@2x.png */; };
		8FEC5CEB19BFF55400E53517 /* iTunesArtwork.png in Resources */ = {isa = PBXBuildFile; fileRef = 8FEC5C5719BFF55400E53517 /* iTunesArtwork.png */; };
		8FEC5CEC19BFF55400E53517 /* iTunesArtwork@2x.png in Resources */ = {isa = PBXBuildFile; fileRef = 8FEC5C5819BFF55400E53517 /* iTunesArtwork@2x.png */; };
		8FEC5CED19BFF55400E53517 /* Matched_Up_DesignV3_red.pdf in Resources */ = {isa = PBXBuildFile; fileRef = 8FEC5C5919BFF55400E53517 /* Matched_Up_DesignV3_red.pdf */; };
		F3EF59CB25A14D9482EEDACB /* libPods.a in Frameworks */ = {isa = PBXBuildFile; fileRef = 45EF4EB22778402E920F993C /* libPods.a */; };
/* End PBXBuildFile section */

/* Begin PBXContainerItemProxy section */
		8FEC5A4319B3E21D00E53517 /* PBXContainerItemProxy */ = {
			isa = PBXContainerItemProxy;
			containerPortal = 8FEC5A1219B3E21C00E53517 /* Project object */;
			proxyType = 1;
			remoteGlobalIDString = 8FEC5A1919B3E21C00E53517;
			remoteInfo = MatchedUp;
		};
/* End PBXContainerItemProxy section */

/* Begin PBXFileReference section */
		45EF4EB22778402E920F993C /* libPods.a */ = {isa = PBXFileReference; explicitFileType = archive.ar; includeInIndex = 0; path = libPods.a; sourceTree = BUILT_PRODUCTS_DIR; };
		8FEC5A1A19B3E21C00E53517 /* MatchedUp.app */ = {isa = PBXFileReference; explicitFileType = wrapper.application; includeInIndex = 0; path = MatchedUp.app; sourceTree = BUILT_PRODUCTS_DIR; };
		8FEC5A1D19B3E21C00E53517 /* Foundation.framework */ = {isa = PBXFileReference; lastKnownFileType = wrapper.framework; name = Foundation.framework; path = System/Library/Frameworks/Foundation.framework; sourceTree = SDKROOT; };
		8FEC5A1F19B3E21C00E53517 /* CoreGraphics.framework */ = {isa = PBXFileReference; lastKnownFileType = wrapper.framework; name = CoreGraphics.framework; path = System/Library/Frameworks/CoreGraphics.framework; sourceTree = SDKROOT; };
		8FEC5A2119B3E21C00E53517 /* UIKit.framework */ = {isa = PBXFileReference; lastKnownFileType = wrapper.framework; name = UIKit.framework; path = System/Library/Frameworks/UIKit.framework; sourceTree = SDKROOT; };
		8FEC5A2519B3E21C00E53517 /* MatchedUp-Info.plist */ = {isa = PBXFileReference; lastKnownFileType = text.plist.xml; path = "MatchedUp-Info.plist"; sourceTree = "<group>"; };
		8FEC5A2719B3E21C00E53517 /* en */ = {isa = PBXFileReference; lastKnownFileType = text.plist.strings; name = en; path = en.lproj/InfoPlist.strings; sourceTree = "<group>"; };
		8FEC5A2919B3E21C00E53517 /* main.m */ = {isa = PBXFileReference; lastKnownFileType = sourcecode.c.objc; path = main.m; sourceTree = "<group>"; };
		8FEC5A2B19B3E21C00E53517 /* MatchedUp-Prefix.pch */ = {isa = PBXFileReference; lastKnownFileType = sourcecode.c.h; path = "MatchedUp-Prefix.pch"; sourceTree = "<group>"; };
		8FEC5A2C19B3E21C00E53517 /* ITAppDelegate.h */ = {isa = PBXFileReference; lastKnownFileType = sourcecode.c.h; path = ITAppDelegate.h; sourceTree = "<group>"; };
		8FEC5A2D19B3E21C00E53517 /* ITAppDelegate.m */ = {isa = PBXFileReference; lastKnownFileType = sourcecode.c.objc; path = ITAppDelegate.m; sourceTree = "<group>"; };
		8FEC5A3019B3E21C00E53517 /* Base */ = {isa = PBXFileReference; lastKnownFileType = file.storyboard; name = Base; path = Base.lproj/Main.storyboard; sourceTree = "<group>"; };
		8FEC5A3819B3E21D00E53517 /* Images.xcassets */ = {isa = PBXFileReference; lastKnownFileType = folder.assetcatalog; path = Images.xcassets; sourceTree = "<group>"; };
		8FEC5A3E19B3E21D00E53517 /* MatchedUpTests.xctest */ = {isa = PBXFileReference; explicitFileType = wrapper.cfbundle; includeInIndex = 0; path = MatchedUpTests.xctest; sourceTree = BUILT_PRODUCTS_DIR; };
		8FEC5A3F19B3E21D00E53517 /* XCTest.framework */ = {isa = PBXFileReference; lastKnownFileType = wrapper.framework; name = XCTest.framework; path = Library/Frameworks/XCTest.framework; sourceTree = DEVELOPER_DIR; };
		8FEC5A4719B3E21D00E53517 /* MatchedUpTests-Info.plist */ = {isa = PBXFileReference; lastKnownFileType = text.plist.xml; path = "MatchedUpTests-Info.plist"; sourceTree = "<group>"; };
		8FEC5A4919B3E21D00E53517 /* en */ = {isa = PBXFileReference; lastKnownFileType = text.plist.strings; name = en; path = en.lproj/InfoPlist.strings; sourceTree = "<group>"; };
		8FEC5A4B19B3E21D00E53517 /* MatchedUpTests.m */ = {isa = PBXFileReference; lastKnownFileType = sourcecode.c.objc; path = MatchedUpTests.m; sourceTree = "<group>"; };
		8FEC5A5519B3E2FD00E53517 /* ITLoginViewController.h */ = {isa = PBXFileReference; fileEncoding = 4; lastKnownFileType = sourcecode.c.h; path = ITLoginViewController.h; sourceTree = "<group>"; };
		8FEC5A5619B3E2FD00E53517 /* ITLoginViewController.m */ = {isa = PBXFileReference; fileEncoding = 4; lastKnownFileType = sourcecode.c.objc; path = ITLoginViewController.m; sourceTree = "<group>"; };
		8FEC5A5919B5721900E53517 /* ITConstants.h */ = {isa = PBXFileReference; fileEncoding = 4; lastKnownFileType = sourcecode.c.h; path = ITConstants.h; sourceTree = "<group>"; };
		8FEC5A5A19B5721900E53517 /* ITConstants.m */ = {isa = PBXFileReference; fileEncoding = 4; lastKnownFileType = sourcecode.c.objc; path = ITConstants.m; sourceTree = "<group>"; };
		8FEC5A5D19B6C98300E53517 /* ITHomeViewController.h */ = {isa = PBXFileReference; fileEncoding = 4; lastKnownFileType = sourcecode.c.h; path = ITHomeViewController.h; sourceTree = "<group>"; };
		8FEC5A5E19B6C98300E53517 /* ITHomeViewController.m */ = {isa = PBXFileReference; fileEncoding = 4; lastKnownFileType = sourcecode.c.objc; path = ITHomeViewController.m; sourceTree = "<group>"; };
		8FEC5A6119B6CF6A00E53517 /* ITSettingsViewController.h */ = {isa = PBXFileReference; fileEncoding = 4; lastKnownFileType = sourcecode.c.h; path = ITSettingsViewController.h; sourceTree = "<group>"; };
		8FEC5A6219B6CF6A00E53517 /* ITSettingsViewController.m */ = {isa = PBXFileReference; fileEncoding = 4; lastKnownFileType = sourcecode.c.objc; path = ITSettingsViewController.m; sourceTree = "<group>"; };
		8FEC5A6519BA163200E53517 /* ITEditProfileViewController.h */ = {isa = PBXFileReference; fileEncoding = 4; lastKnownFileType = sourcecode.c.h; path = ITEditProfileViewController.h; sourceTree = "<group>"; };
		8FEC5A6619BA163200E53517 /* ITEditProfileViewController.m */ = {isa = PBXFileReference; fileEncoding = 4; lastKnownFileType = sourcecode.c.objc; path = ITEditProfileViewController.m; sourceTree = "<group>"; };
		8FEC5A6919BA19AF00E53517 /* ITProfileViewController.h */ = {isa = PBXFileReference; fileEncoding = 4; lastKnownFileType = sourcecode.c.h; path = ITProfileViewController.h; sourceTree = "<group>"; };
		8FEC5A6A19BA19AF00E53517 /* ITProfileViewController.m */ = {isa = PBXFileReference; fileEncoding = 4; lastKnownFileType = sourcecode.c.objc; path = ITProfileViewController.m; sourceTree = "<group>"; };
		8FEC5A6D19BA723500E53517 /* ITTestUser.h */ = {isa = PBXFileReference; fileEncoding = 4; lastKnownFileType = sourcecode.c.h; path = ITTestUser.h; sourceTree = "<group>"; };
		8FEC5A6E19BA723500E53517 /* ITTestUser.m */ = {isa = PBXFileReference; fileEncoding = 4; lastKnownFileType = sourcecode.c.objc; path = ITTestUser.m; sourceTree = "<group>"; };
		8FEC5A7019BA763300E53517 /* profileImage.jpeg */ = {isa = PBXFileReference; lastKnownFileType = image.jpeg; path = profileImage.jpeg; sourceTree = "<group>"; };
		8FEC5A7319BC0F6F00E53517 /* ITMatchViewController.h */ = {isa = PBXFileReference; fileEncoding = 4; lastKnownFileType = sourcecode.c.h; path = ITMatchViewController.h; sourceTree = "<group>"; };
		8FEC5A7419BC0F6F00E53517 /* ITMatchViewController.m */ = {isa = PBXFileReference; fileEncoding = 4; lastKnownFileType = sourcecode.c.objc; path = ITMatchViewController.m; sourceTree = "<group>"; };
		8FEC5A7719BC129300E53517 /* ITMatchesViewController.h */ = {isa = PBXFileReference; fileEncoding = 4; lastKnownFileType = sourcecode.c.h; path = ITMatchesViewController.h; sourceTree = "<group>"; };
		8FEC5A7819BC129300E53517 /* ITMatchesViewController.m */ = {isa = PBXFileReference; fileEncoding = 4; lastKnownFileType = sourcecode.c.objc; path = ITMatchesViewController.m; sourceTree = "<group>"; };
		8FEC5A7B19BC176C00E53517 /* ITChatViewController.h */ = {isa = PBXFileReference; fileEncoding = 4; lastKnownFileType = sourcecode.c.h; path = ITChatViewController.h; sourceTree = "<group>"; };
		8FEC5A7C19BC176C00E53517 /* ITChatViewController.m */ = {isa = PBXFileReference; fileEncoding = 4; lastKnownFileType = sourcecode.c.objc; path = ITChatViewController.m; sourceTree = "<group>"; };
		8FEC5A7E19BEB9BF00E53517 /* defaultPrefsFile.plist */ = {isa = PBXFileReference; fileEncoding = 4; lastKnownFileType = text.plist.xml; path = defaultPrefsFile.plist; sourceTree = "<group>"; };
		8FEC5BB919BFF55400E53517 /* BG.png */ = {isa = PBXFileReference; lastKnownFileType = image.png; path = BG.png; sourceTree = "<group>"; };
		8FEC5BBA19BFF55400E53517 /* BG@2x.png */ = {isa = PBXFileReference; lastKnownFileType = image.png; path = "BG@2x.png"; sourceTree = "<group>"; };
		8FEC5BBB19BFF55400E53517 /* BG.png */ = {isa = PBXFileReference; lastKnownFileType = image.png; path = BG.png; sourceTree = "<group>"; };
		8FEC5BBC19BFF55400E53517 /* BG@2x.png */ = {isa = PBXFileReference; lastKnownFileType = image.png; path = "BG@2x.png"; sourceTree = "<group>"; };
		8FEC5BBE19BFF55400E53517 /* Facebook.png */ = {isa = PBXFileReference; lastKnownFileType = image.png; path = Facebook.png; sourceTree = "<group>"; };
		8FEC5BBF19BFF55400E53517 /* Facebook@2x.png */ = {isa = PBXFileReference; lastKnownFileType = image.png; path = "Facebook@2x.png"; sourceTree = "<group>"; };
		8FEC5BC019BFF55400E53517 /* Logo.png */ = {isa = PBXFileReference; lastKnownFileType = image.png; path = Logo.png; sourceTree = "<group>"; };
		8FEC5BC119BFF55400E53517 /* Logo@2x.png */ = {isa = PBXFileReference; lastKnownFileType = image.png; path = "Logo@2x.png"; sourceTree = "<group>"; };
		8FEC5BC319BFF55400E53517 /* BG.png */ = {isa = PBXFileReference; lastKnownFileType = image.png; path = BG.png; sourceTree = "<group>"; };
		8FEC5BC419BFF55400E53517 /* BG@2x.png */ = {isa = PBXFileReference; lastKnownFileType = image.png; path = "BG@2x.png"; sourceTree = "<group>"; };
		8FEC5BC519BFF55400E53517 /* ChatIcon.png */ = {isa = PBXFileReference; lastKnownFileType = image.png; path = ChatIcon.png; sourceTree = "<group>"; };
		8FEC5BC619BFF55400E53517 /* ChatIcon@2x.png */ = {isa = PBXFileReference; lastKnownFileType = image.png; path = "ChatIcon@2x.png"; sourceTree = "<group>"; };
		8FEC5BC719BFF55400E53517 /* DislikeIcon.png */ = {isa = PBXFileReference; lastKnownFileType = image.png; path = DislikeIcon.png; sourceTree = "<group>"; };
		8FEC5BC819BFF55400E53517 /* DislikeIcon@2x.png */ = {isa = PBXFileReference; lastKnownFileType = image.png; path = "DislikeIcon@2x.png"; sourceTree = "<group>"; };
		8FEC5BC919BFF55400E53517 /* InfoIcon.png */ = {isa = PBXFileReference; lastKnownFileType = image.png; path = InfoIcon.png; sourceTree = "<group>"; };
		8FEC5BCA19BFF55400E53517 /* InfoIcon@2x.png */ = {isa = PBXFileReference; lastKnownFileType = image.png; path = "InfoIcon@2x.png"; sourceTree = "<group>"; };
		8FEC5BCB19BFF55400E53517 /* LikeIcon.png */ = {isa = PBXFileReference; lastKnownFileType = image.png; path = LikeIcon.png; sourceTree = "<group>"; };
		8FEC5BCC19BFF55400E53517 /* LikeIcon@2x.png */ = {isa = PBXFileReference; lastKnownFileType = image.png; path = "LikeIcon@2x.png"; sourceTree = "<group>"; };
		8FEC5BCD19BFF55400E53517 /* Matched-Up.png */ = {isa = PBXFileReference; lastKnownFileType = image.png; path = "Matched-Up.png"; sourceTree = "<group>"; };
		8FEC5BCE19BFF55400E53517 /* Matched-Up@2x.png */ = {isa = PBXFileReference; lastKnownFileType = image.png; path = "Matched-Up@2x.png"; sourceTree = "<group>"; };
		8FEC5BCF19BFF55400E53517 /* SettingIcon.png */ = {isa = PBXFileReference; lastKnownFileType = image.png; path = SettingIcon.png; sourceTree = "<group>"; };
		8FEC5BD019BFF55400E53517 /* SettingIcon@2x.png */ = {isa = PBXFileReference; lastKnownFileType = image.png; path = "SettingIcon@2x.png"; sourceTree = "<group>"; };
		8FEC5BD119BFF55400E53517 /* Top_NavBG.png */ = {isa = PBXFileReference; lastKnownFileType = image.png; path = Top_NavBG.png; sourceTree = "<group>"; };
		8FEC5BD219BFF55400E53517 /* Top_NavBG@2x.png */ = {isa = PBXFileReference; lastKnownFileType = image.png; path = "Top_NavBG@2x.png"; sourceTree = "<group>"; };
		8FEC5BD319BFF55400E53517 /* User_Image.png */ = {isa = PBXFileReference; lastKnownFileType = image.png; path = User_Image.png; sourceTree = "<group>"; };
		8FEC5BD419BFF55400E53517 /* User_Image@2x.png */ = {isa = PBXFileReference; lastKnownFileType = image.png; path = "User_Image@2x.png"; sourceTree = "<group>"; };
		8FEC5BD519BFF55400E53517 /* VP_BG.png */ = {isa = PBXFileReference; lastKnownFileType = image.png; path = VP_BG.png; sourceTree = "<group>"; };
		8FEC5BD619BFF55400E53517 /* VP_BG@2x.png */ = {isa = PBXFileReference; lastKnownFileType = image.png; path = "VP_BG@2x.png"; sourceTree = "<group>"; };
		8FEC5BD819BFF55400E53517 /* About_BG.png */ = {isa = PBXFileReference; lastKnownFileType = image.png; path = About_BG.png; sourceTree = "<group>"; };
		8FEC5BD919BFF55400E53517 /* About_BG@2x.png */ = {isa = PBXFileReference; lastKnownFileType = image.png; path = "About_BG@2x.png"; sourceTree = "<group>"; };
		8FEC5BDA19BFF55400E53517 /* AgeIcon.png */ = {isa = PBXFileReference; lastKnownFileType = image.png; path = AgeIcon.png; sourceTree = "<group>"; };
		8FEC5BDB19BFF55400E53517 /* AgeIcon@2x.png */ = {isa = PBXFileReference; lastKnownFileType = image.png; path = "AgeIcon@2x.png"; sourceTree = "<group>"; };
		8FEC5BDC19BFF55400E53517 /* BG.png */ = {isa = PBXFileReference; lastKnownFileType = image.png; path = BG.png; sourceTree = "<group>"; };
		8FEC5BDD19BFF55400E53517 /* BG@2x.png */ = {isa = PBXFileReference; lastKnownFileType = image.png; path = "BG@2x.png"; sourceTree = "<group>"; };
		8FEC5BDE19BFF55400E53517 /* ChatIcon.png */ = {isa = PBXFileReference; lastKnownFileType = image.png; path = ChatIcon.png; sourceTree = "<group>"; };
		8FEC5BDF19BFF55400E53517 /* ChatIcon@2x.png */ = {isa = PBXFileReference; lastKnownFileType = image.png; path = "ChatIcon@2x.png"; sourceTree = "<group>"; };
		8FEC5BE019BFF55400E53517 /* DislikeIcon.png */ = {isa = PBXFileReference; lastKnownFileType = image.png; path = DislikeIcon.png; sourceTree = "<group>"; };
		8FEC5BE119BFF55400E53517 /* DislikeIcon@2x.png */ = {isa = PBXFileReference; lastKnownFileType = image.png; path = "DislikeIcon@2x.png"; sourceTree = "<group>"; };
		8FEC5BE219BFF55400E53517 /* InfoIcon.png */ = {isa = PBXFileReference; lastKnownFileType = image.png; path = InfoIcon.png; sourceTree = "<group>"; };
		8FEC5BE319BFF55400E53517 /* InfoIcon@2x.png */ = {isa = PBXFileReference; lastKnownFileType = image.png; path = "InfoIcon@2x.png"; sourceTree = "<group>"; };
		8FEC5BE419BFF55400E53517 /* LikeIcon.png */ = {isa = PBXFileReference; lastKnownFileType = image.png; path = LikeIcon.png; sourceTree = "<group>"; };
		8FEC5BE519BFF55400E53517 /* LikeIcon@2x.png */ = {isa = PBXFileReference; lastKnownFileType = image.png; path = "LikeIcon@2x.png"; sourceTree = "<group>"; };
		8FEC5BE619BFF55400E53517 /* location.png */ = {isa = PBXFileReference; lastKnownFileType = image.png; path = location.png; sourceTree = "<group>"; };
		8FEC5BE719BFF55400E53517 /* location@2x.png */ = {isa = PBXFileReference; lastKnownFileType = image.png; path = "location@2x.png"; sourceTree = "<group>"; };
		8FEC5BE819BFF55400E53517 /* NameAgeStatusBar.png */ = {isa = PBXFileReference; lastKnownFileType = image.png; path = NameAgeStatusBar.png; sourceTree = "<group>"; };
		8FEC5BE919BFF55400E53517 /* NameAgeStatusBar@2x.png */ = {isa = PBXFileReference; lastKnownFileType = image.png; path = "NameAgeStatusBar@2x.png"; sourceTree = "<group>"; };
		8FEC5BEA19BFF55400E53517 /* SettingIcon.png */ = {isa = PBXFileReference; lastKnownFileType = image.png; path = SettingIcon.png; sourceTree = "<group>"; };
		8FEC5BEB19BFF55400E53517 /* SettingIcon@2x.png */ = {isa = PBXFileReference; lastKnownFileType = image.png; path = "SettingIcon@2x.png"; sourceTree = "<group>"; };
		8FEC5BEC19BFF55400E53517 /* Single.png */ = {isa = PBXFileReference; lastKnownFileType = image.png; path = Single.png; sourceTree = "<group>"; };
		8FEC5BED19BFF55400E53517 /* Single@2x.png */ = {isa = PBXFileReference; lastKnownFileType = image.png; path = "Single@2x.png"; sourceTree = "<group>"; };
		8FEC5BEE19BFF55400E53517 /* StatusIcon.png */ = {isa = PBXFileReference; lastKnownFileType = image.png; path = StatusIcon.png; sourceTree = "<group>"; };
		8FEC5BEF19BFF55400E53517 /* StatusIcon@2x.png */ = {isa = PBXFileReference; lastKnownFileType = image.png; path = "StatusIcon@2x.png"; sourceTree = "<group>"; };
		8FEC5BF019BFF55400E53517 /* UserImage.png */ = {isa = PBXFileReference; lastKnownFileType = image.png; path = UserImage.png; sourceTree = "<group>"; };
		8FEC5BF119BFF55400E53517 /* UserImage@2x.png */ = {isa = PBXFileReference; lastKnownFileType = image.png; path = "UserImage@2x.png"; sourceTree = "<group>"; };
		8FEC5BF219BFF55400E53517 /* VP_BG.png */ = {isa = PBXFileReference; lastKnownFileType = image.png; path = VP_BG.png; sourceTree = "<group>"; };
		8FEC5BF319BFF55400E53517 /* VP_BG@2x.png */ = {isa = PBXFileReference; lastKnownFileType = image.png; path = "VP_BG@2x.png"; sourceTree = "<group>"; };
		8FEC5BF519BFF55400E53517 /* back-icon.png */ = {isa = PBXFileReference; lastKnownFileType = image.png; path = "back-icon.png"; sourceTree = "<group>"; };
		8FEC5BF619BFF55400E53517 /* back-icon@2x.png */ = {isa = PBXFileReference; lastKnownFileType = image.png; path = "back-icon@2x.png"; sourceTree = "<group>"; };
		8FEC5BF719BFF55400E53517 /* BG.png */ = {isa = PBXFileReference; lastKnownFileType = image.png; path = BG.png; sourceTree = "<group>"; };
		8FEC5BF819BFF55400E53517 /* BG@2x.png */ = {isa = PBXFileReference; lastKnownFileType = image.png; path = "BG@2x.png"; sourceTree = "<group>"; };
		8FEC5BF919BFF55400E53517 /* Chat_user.png */ = {isa = PBXFileReference; lastKnownFileType = image.png; path = Chat_user.png; sourceTree = "<group>"; };
		8FEC5BFA19BFF55400E53517 /* Chat_user@2x.png */ = {isa = PBXFileReference; lastKnownFileType = image.png; path = "Chat_user@2x.png"; sourceTree = "<group>"; };
		8FEC5BFB19BFF55400E53517 /* menu-icon.png */ = {isa = PBXFileReference; lastKnownFileType = image.png; path = "menu-icon.png"; sourceTree = "<group>"; };
		8FEC5BFC19BFF55400E53517 /* menu-icon@2x.png */ = {isa = PBXFileReference; lastKnownFileType = image.png; path = "menu-icon@2x.png"; sourceTree = "<group>"; };
		8FEC5BFD19BFF55400E53517 /* SettingIcon.png */ = {isa = PBXFileReference; lastKnownFileType = image.png; path = SettingIcon.png; sourceTree = "<group>"; };
		8FEC5BFE19BFF55400E53517 /* SettingIcon@2x.png */ = {isa = PBXFileReference; lastKnownFileType = image.png; path = "SettingIcon@2x.png"; sourceTree = "<group>"; };
		8FEC5BFF19BFF55400E53517 /* Top_NavBG.png */ = {isa = PBXFileReference; lastKnownFileType = image.png; path = Top_NavBG.png; sourceTree = "<group>"; };
		8FEC5C0019BFF55400E53517 /* Top_NavBG@2x.png */ = {isa = PBXFileReference; lastKnownFileType = image.png; path = "Top_NavBG@2x.png"; sourceTree = "<group>"; };
		8FEC5C0219BFF55400E53517 /* back-icon.png */ = {isa = PBXFileReference; lastKnownFileType = image.png; path = "back-icon.png"; sourceTree = "<group>"; };
		8FEC5C0319BFF55400E53517 /* back-icon@2x.png */ = {isa = PBXFileReference; lastKnownFileType = image.png; path = "back-icon@2x.png"; sourceTree = "<group>"; };
		8FEC5C0419BFF55400E53517 /* BG.png */ = {isa = PBXFileReference; lastKnownFileType = image.png; path = BG.png; sourceTree = "<group>"; };
		8FEC5C0519BFF55400E53517 /* BG@2x.png */ = {isa = PBXFileReference; lastKnownFileType = image.png; path = "BG@2x.png"; sourceTree = "<group>"; };
		8FEC5C0619BFF55400E53517 /* form.png */ = {isa = PBXFileReference; lastKnownFileType = image.png; path = form.png; sourceTree = "<group>"; };
		8FEC5C0719BFF55400E53517 /* form@2x.png */ = {isa = PBXFileReference; lastKnownFileType = image.png; path = "form@2x.png"; sourceTree = "<group>"; };
		8FEC5C0819BFF55400E53517 /* menu-icon.png */ = {isa = PBXFileReference; lastKnownFileType = image.png; path = "menu-icon.png"; sourceTree = "<group>"; };
		8FEC5C0919BFF55400E53517 /* menu-icon@2x.png */ = {isa = PBXFileReference; lastKnownFileType = image.png; path = "menu-icon@2x.png"; sourceTree = "<group>"; };
		8FEC5C0A19BFF55400E53517 /* Send_Bar_BG.png */ = {isa = PBXFileReference; lastKnownFileType = image.png; path = Send_Bar_BG.png; sourceTree = "<group>"; };
		8FEC5C0B19BFF55400E53517 /* Send_Bar_BG@2x.png */ = {isa = PBXFileReference; lastKnownFileType = image.png; path = "Send_Bar_BG@2x.png"; sourceTree = "<group>"; };
		8FEC5C0C19BFF55400E53517 /* SettingIcon.png */ = {isa = PBXFileReference; lastKnownFileType = image.png; path = SettingIcon.png; sourceTree = "<group>"; };
		8FEC5C0D19BFF55400E53517 /* SettingIcon@2x.png */ = {isa = PBXFileReference; lastKnownFileType = image.png; path = "SettingIcon@2x.png"; sourceTree = "<group>"; };
		8FEC5C0E19BFF55400E53517 /* Top_NavBG.png */ = {isa = PBXFileReference; lastKnownFileType = image.png; path = Top_NavBG.png; sourceTree = "<group>"; };
		8FEC5C0F19BFF55400E53517 /* Top_NavBG@2x.png */ = {isa = PBXFileReference; lastKnownFileType = image.png; path = "Top_NavBG@2x.png"; sourceTree = "<group>"; };
		8FEC5C1119BFF55400E53517 /* back-icon.png */ = {isa = PBXFileReference; lastKnownFileType = image.png; path = "back-icon.png"; sourceTree = "<group>"; };
		8FEC5C1219BFF55400E53517 /* back-icon@2x.png */ = {isa = PBXFileReference; lastKnownFileType = image.png; path = "back-icon@2x.png"; sourceTree = "<group>"; };
		8FEC5C1319BFF55400E53517 /* BG.png */ = {isa = PBXFileReference; lastKnownFileType = image.png; path = BG.png; sourceTree = "<group>"; };
		8FEC5C1419BFF55400E53517 /* BG@2x.png */ = {isa = PBXFileReference; lastKnownFileType = image.png; path = "BG@2x.png"; sourceTree = "<group>"; };
		8FEC5C1519BFF55400E53517 /* EditProfile.png */ = {isa = PBXFileReference; lastKnownFileType = image.png; path = EditProfile.png; sourceTree = "<group>"; };
		8FEC5C1619BFF55400E53517 /* EditProfile@2x.png */ = {isa = PBXFileReference; lastKnownFileType = image.png; path = "EditProfile@2x.png"; sourceTree = "<group>"; };
		8FEC5C1719BFF55400E53517 /* Logout.png */ = {isa = PBXFileReference; lastKnownFileType = image.png; path = Logout.png; sourceTree = "<group>"; };
		8FEC5C1819BFF55400E53517 /* Logout@2x.png */ = {isa = PBXFileReference; lastKnownFileType = image.png; path = "Logout@2x.png"; sourceTree = "<group>"; };
		8FEC5C1919BFF55400E53517 /* menu-icon.png */ = {isa = PBXFileReference; lastKnownFileType = image.png; path = "menu-icon.png"; sourceTree = "<group>"; };
		8FEC5C1A19BFF55400E53517 /* menu-icon@2x.png */ = {isa = PBXFileReference; lastKnownFileType = image.png; path = "menu-icon@2x.png"; sourceTree = "<group>"; };
		8FEC5C1B19BFF55400E53517 /* SettingIcon.png */ = {isa = PBXFileReference; lastKnownFileType = image.png; path = SettingIcon.png; sourceTree = "<group>"; };
		8FEC5C1C19BFF55400E53517 /* SettingIcon@2x.png */ = {isa = PBXFileReference; lastKnownFileType = image.png; path = "SettingIcon@2x.png"; sourceTree = "<group>"; };
		8FEC5C1D19BFF55400E53517 /* Top_NavBG.png */ = {isa = PBXFileReference; lastKnownFileType = image.png; path = Top_NavBG.png; sourceTree = "<group>"; };
		8FEC5C1E19BFF55400E53517 /* Top_NavBG@2x.png */ = {isa = PBXFileReference; lastKnownFileType = image.png; path = "Top_NavBG@2x.png"; sourceTree = "<group>"; };
		8FEC5C2019BFF55400E53517 /* About_BG.png */ = {isa = PBXFileReference; lastKnownFileType = image.png; path = About_BG.png; sourceTree = "<group>"; };
		8FEC5C2119BFF55400E53517 /* About_BG@2x.png */ = {isa = PBXFileReference; lastKnownFileType = image.png; path = "About_BG@2x.png"; sourceTree = "<group>"; };
		8FEC5C2219BFF55400E53517 /* back-icon.png */ = {isa = PBXFileReference; lastKnownFileType = image.png; path = "back-icon.png"; sourceTree = "<group>"; };
		8FEC5C2319BFF55400E53517 /* back-icon@2x.png */ = {isa = PBXFileReference; lastKnownFileType = image.png; path = "back-icon@2x.png"; sourceTree = "<group>"; };
		8FEC5C2419BFF55400E53517 /* BG.png */ = {isa = PBXFileReference; lastKnownFileType = image.png; path = BG.png; sourceTree = "<group>"; };
		8FEC5C2519BFF55400E53517 /* BG@2x.png */ = {isa = PBXFileReference; lastKnownFileType = image.png; path = "BG@2x.png"; sourceTree = "<group>"; };
		8FEC5C2619BFF55400E53517 /* menu-icon.png */ = {isa = PBXFileReference; lastKnownFileType = image.png; path = "menu-icon.png"; sourceTree = "<group>"; };
		8FEC5C2719BFF55400E53517 /* menu-icon@2x.png */ = {isa = PBXFileReference; lastKnownFileType = image.png; path = "menu-icon@2x.png"; sourceTree = "<group>"; };
		8FEC5C2819BFF55400E53517 /* SettingIcon.png */ = {isa = PBXFileReference; lastKnownFileType = image.png; path = SettingIcon.png; sourceTree = "<group>"; };
		8FEC5C2919BFF55400E53517 /* SettingIcon@2x.png */ = {isa = PBXFileReference; lastKnownFileType = image.png; path = "SettingIcon@2x.png"; sourceTree = "<group>"; };
		8FEC5C2A19BFF55400E53517 /* Top_NavBG.png */ = {isa = PBXFileReference; lastKnownFileType = image.png; path = Top_NavBG.png; sourceTree = "<group>"; };
		8FEC5C2B19BFF55400E53517 /* Top_NavBG@2x.png */ = {isa = PBXFileReference; lastKnownFileType = image.png; path = "Top_NavBG@2x.png"; sourceTree = "<group>"; };
		8FEC5C2C19BFF55400E53517 /* UserImage.png */ = {isa = PBXFileReference; lastKnownFileType = image.png; path = UserImage.png; sourceTree = "<group>"; };
		8FEC5C2D19BFF55400E53517 /* UserImage@2x.png */ = {isa = PBXFileReference; lastKnownFileType = image.png; path = "UserImage@2x.png"; sourceTree = "<group>"; };
		8FEC5C2F19BFF55400E53517 /* ChatNow_Icon.png */ = {isa = PBXFileReference; lastKnownFileType = image.png; path = ChatNow_Icon.png; sourceTree = "<group>"; };
		8FEC5C3019BFF55400E53517 /* ChatNow_Icon@2x.png */ = {isa = PBXFileReference; lastKnownFileType = image.png; path = "ChatNow_Icon@2x.png"; sourceTree = "<group>"; };
		8FEC5C3119BFF55400E53517 /* Close-Button.png */ = {isa = PBXFileReference; lastKnownFileType = image.png; path = "Close-Button.png"; sourceTree = "<group>"; };
		8FEC5C3219BFF55400E53517 /* Close-Button@2x.png */ = {isa = PBXFileReference; lastKnownFileType = image.png; path = "Close-Button@2x.png"; sourceTree = "<group>"; };
		8FEC5C3419BFF55400E53517 /* back-icon.png */ = {isa = PBXFileReference; lastKnownFileType = image.png; path = "back-icon.png"; sourceTree = "<group>"; };
		8FEC5C3519BFF55400E53517 /* back-icon@2x.png */ = {isa = PBXFileReference; lastKnownFileType = image.png; path = "back-icon@2x.png"; sourceTree = "<group>"; };
		8FEC5C3619BFF55400E53517 /* ChatIcon.png */ = {isa = PBXFileReference; lastKnownFileType = image.png; path = ChatIcon.png; sourceTree = "<group>"; };
		8FEC5C3719BFF55400E53517 /* ChatIcon@2x.png */ = {isa = PBXFileReference; lastKnownFileType = image.png; path = "ChatIcon@2x.png"; sourceTree = "<group>"; };
		8FEC5C3819BFF55400E53517 /* SettingIcon.png */ = {isa = PBXFileReference; lastKnownFileType = image.png; path = SettingIcon.png; sourceTree = "<group>"; };
		8FEC5C3919BFF55400E53517 /* SettingIcon@2x.png */ = {isa = PBXFileReference; lastKnownFileType = image.png; path = "SettingIcon@2x.png"; sourceTree = "<group>"; };
		8FEC5C3C19BFF55400E53517 /* 1024_icon-1-01.png */ = {isa = PBXFileReference; lastKnownFileType = image.png; path = "1024_icon-1-01.png"; sourceTree = "<group>"; };
		8FEC5C3E19BFF55400E53517 /* Icon-72.png */ = {isa = PBXFileReference; lastKnownFileType = image.png; path = "Icon-72.png"; sourceTree = "<group>"; };
		8FEC5C3F19BFF55400E53517 /* Icon-72@2x.png */ = {isa = PBXFileReference; lastKnownFileType = image.png; path = "Icon-72@2x.png"; sourceTree = "<group>"; };
		8FEC5C4019BFF55400E53517 /* Icon-Small-50.png */ = {isa = PBXFileReference; lastKnownFileType = image.png; path = "Icon-Small-50.png"; sourceTree = "<group>"; };
		8FEC5C4119BFF55400E53517 /* Icon-Small-50@2x.png */ = {isa = PBXFileReference; lastKnownFileType = image.png; path = "Icon-Small-50@2x.png"; sourceTree = "<group>"; };
		8FEC5C4219BFF55400E53517 /* Icon-Small.png */ = {isa = PBXFileReference; lastKnownFileType = image.png; path = "Icon-Small.png"; sourceTree = "<group>"; };
		8FEC5C4319BFF55400E53517 /* Icon-Small@2x.png */ = {isa = PBXFileReference; lastKnownFileType = image.png; path = "Icon-Small@2x.png"; sourceTree = "<group>"; };
		8FEC5C4419BFF55400E53517 /* Icon.png */ = {isa = PBXFileReference; lastKnownFileType = image.png; path = Icon.png; sourceTree = "<group>"; };
		8FEC5C4519BFF55400E53517 /* Icon@2x.png */ = {isa = PBXFileReference; lastKnownFileType = image.png; path = "Icon@2x.png"; sourceTree = "<group>"; };
		8FEC5C4619BFF55400E53517 /* iTunesArtwork.png */ = {isa = PBXFileReference; lastKnownFileType = image.png; path = iTunesArtwork.png; sourceTree = "<group>"; };
		8FEC5C4719BFF55400E53517 /* iTunesArtwork@2x.png */ = {isa = PBXFileReference; lastKnownFileType = image.png; path = "iTunesArtwork@2x.png"; sourceTree = "<group>"; };
		8FEC5C4919BFF55400E53517 /* Icon-40.png */ = {isa = PBXFileReference; lastKnownFileType = image.png; path = "Icon-40.png"; sourceTree = "<group>"; };
		8FEC5C4A19BFF55400E53517 /* Icon-40@2x.png */ = {isa = PBXFileReference; lastKnownFileType = image.png; path = "Icon-40@2x.png"; sourceTree = "<group>"; };
		8FEC5C4B19BFF55400E53517 /* Icon-60.png */ = {isa = PBXFileReference; lastKnownFileType = image.png; path = "Icon-60.png"; sourceTree = "<group>"; };
		8FEC5C4C19BFF55400E53517 /* Icon-60@2x.png */ = {isa = PBXFileReference; lastKnownFileType = image.png; path = "Icon-60@2x.png"; sourceTree = "<group>"; };
		8FEC5C4D19BFF55400E53517 /* Icon-72.png */ = {isa = PBXFileReference; lastKnownFileType = image.png; path = "Icon-72.png"; sourceTree = "<group>"; };
		8FEC5C4E19BFF55400E53517 /* Icon-72@2x.png */ = {isa = PBXFileReference; lastKnownFileType = image.png; path = "Icon-72@2x.png"; sourceTree = "<group>"; };
		8FEC5C4F19BFF55400E53517 /* Icon-76.png */ = {isa = PBXFileReference; lastKnownFileType = image.png; path = "Icon-76.png"; sourceTree = "<group>"; };
		8FEC5C5019BFF55400E53517 /* Icon-76@2x.png */ = {isa = PBXFileReference; lastKnownFileType = image.png; path = "Icon-76@2x.png"; sourceTree = "<group>"; };
		8FEC5C5119BFF55400E53517 /* Icon-Small-50.png */ = {isa = PBXFileReference; lastKnownFileType = image.png; path = "Icon-Small-50.png"; sourceTree = "<group>"; };
		8FEC5C5219BFF55400E53517 /* Icon-Small-50@2x.png */ = {isa = PBXFileReference; lastKnownFileType = image.png; path = "Icon-Small-50@2x.png"; sourceTree = "<group>"; };
		8FEC5C5319BFF55400E53517 /* Icon-Small.png */ = {isa = PBXFileReference; lastKnownFileType = image.png; path = "Icon-Small.png"; sourceTree = "<group>"; };
		8FEC5C5419BFF55400E53517 /* Icon-Small@2x.png */ = {isa = PBXFileReference; lastKnownFileType = image.png; path = "Icon-Small@2x.png"; sourceTree = "<group>"; };
		8FEC5C5519BFF55400E53517 /* Icon.png */ = {isa = PBXFileReference; lastKnownFileType = image.png; path = Icon.png; sourceTree = "<group>"; };
		8FEC5C5619BFF55400E53517 /* Icon@2x.png */ = {isa = PBXFileReference; lastKnownFileType = image.png; path = "Icon@2x.png"; sourceTree = "<group>"; };
		8FEC5C5719BFF55400E53517 /* iTunesArtwork.png */ = {isa = PBXFileReference; lastKnownFileType = image.png; path = iTunesArtwork.png; sourceTree = "<group>"; };
		8FEC5C5819BFF55400E53517 /* iTunesArtwork@2x.png */ = {isa = PBXFileReference; lastKnownFileType = image.png; path = "iTunesArtwork@2x.png"; sourceTree = "<group>"; };
		8FEC5C5919BFF55400E53517 /* Matched_Up_DesignV3_red.pdf */ = {isa = PBXFileReference; lastKnownFileType = image.pdf; path = Matched_Up_DesignV3_red.pdf; sourceTree = "<group>"; };
		D62ADE1A38C54BF0A41A5926 /* Pods.xcconfig */ = {isa = PBXFileReference; includeInIndex = 1; lastKnownFileType = text.xcconfig; name = Pods.xcconfig; path = Pods/Pods.xcconfig; sourceTree = "<group>"; };
/* End PBXFileReference section */

/* Begin PBXFrameworksBuildPhase section */
		8FEC5A1719B3E21C00E53517 /* Frameworks */ = {
			isa = PBXFrameworksBuildPhase;
			buildActionMask = 2147483647;
			files = (
				8FEC5A2019B3E21C00E53517 /* CoreGraphics.framework in Frameworks */,
				8FEC5A2219B3E21C00E53517 /* UIKit.framework in Frameworks */,
				8FEC5A1E19B3E21C00E53517 /* Foundation.framework in Frameworks */,
				F3EF59CB25A14D9482EEDACB /* libPods.a in Frameworks */,
			);
			runOnlyForDeploymentPostprocessing = 0;
		};
		8FEC5A3B19B3E21D00E53517 /* Frameworks */ = {
			isa = PBXFrameworksBuildPhase;
			buildActionMask = 2147483647;
			files = (
				8FEC5A4019B3E21D00E53517 /* XCTest.framework in Frameworks */,
				8FEC5A4219B3E21D00E53517 /* UIKit.framework in Frameworks */,
				8FEC5A4119B3E21D00E53517 /* Foundation.framework in Frameworks */,
			);
			runOnlyForDeploymentPostprocessing = 0;
		};
/* End PBXFrameworksBuildPhase section */

/* Begin PBXGroup section */
		8FEC5A1119B3E21C00E53517 = {
			isa = PBXGroup;
			children = (
				8FEC5A2319B3E21C00E53517 /* MatchedUp */,
				8FEC5A4519B3E21D00E53517 /* MatchedUpTests */,
				8FEC5A1C19B3E21C00E53517 /* Frameworks */,
				8FEC5A1B19B3E21C00E53517 /* Products */,
				D62ADE1A38C54BF0A41A5926 /* Pods.xcconfig */,
			);
			sourceTree = "<group>";
		};
		8FEC5A1B19B3E21C00E53517 /* Products */ = {
			isa = PBXGroup;
			children = (
				8FEC5A1A19B3E21C00E53517 /* MatchedUp.app */,
				8FEC5A3E19B3E21D00E53517 /* MatchedUpTests.xctest */,
			);
			name = Products;
			sourceTree = "<group>";
		};
		8FEC5A1C19B3E21C00E53517 /* Frameworks */ = {
			isa = PBXGroup;
			children = (
				8FEC5A1D19B3E21C00E53517 /* Foundation.framework */,
				8FEC5A1F19B3E21C00E53517 /* CoreGraphics.framework */,
				8FEC5A2119B3E21C00E53517 /* UIKit.framework */,
				8FEC5A3F19B3E21D00E53517 /* XCTest.framework */,
				45EF4EB22778402E920F993C /* libPods.a */,
			);
			name = Frameworks;
			sourceTree = "<group>";
		};
		8FEC5A2319B3E21C00E53517 /* MatchedUp */ = {
			isa = PBXGroup;
			children = (
				8FEC5A7A19BC136600E53517 /* Chat */,
				8FEC5A7619BC126400E53517 /* Matches */,
				8FEC5A7219BC0F3900E53517 /* Match */,
				8FEC5A6C19BA71F300E53517 /* CreateParseUser */,
				8FEC5A6819BA199300E53517 /* Profile */,
				8FEC5A6419BA15FD00E53517 /* Edit Profile */,
				8FEC5A6019B6CF3500E53517 /* Settings */,
				8FEC5A5C19B6C94200E53517 /* Home */,
				8FEC5A5819B3E30E00E53517 /* Login */,
				8FEC5A2C19B3E21C00E53517 /* ITAppDelegate.h */,
				8FEC5A2D19B3E21C00E53517 /* ITAppDelegate.m */,
				8FEC5A2F19B3E21C00E53517 /* Main.storyboard */,
				8FEC5A3819B3E21D00E53517 /* Images.xcassets */,
				8FEC5A2419B3E21C00E53517 /* Supporting Files */,
			);
			path = MatchedUp;
			sourceTree = "<group>";
		};
		8FEC5A2419B3E21C00E53517 /* Supporting Files */ = {
			isa = PBXGroup;
			children = (
				8FEC5BB619BFF55400E53517 /* Matched_Up_assets */,
				8FEC5A7019BA763300E53517 /* profileImage.jpeg */,
				8FEC5A2519B3E21C00E53517 /* MatchedUp-Info.plist */,
				8FEC5A2619B3E21C00E53517 /* InfoPlist.strings */,
				8FEC5A2919B3E21C00E53517 /* main.m */,
				8FEC5A2B19B3E21C00E53517 /* MatchedUp-Prefix.pch */,
				8FEC5A5919B5721900E53517 /* ITConstants.h */,
				8FEC5A5A19B5721900E53517 /* ITConstants.m */,
			);
			name = "Supporting Files";
			sourceTree = "<group>";
		};
		8FEC5A4519B3E21D00E53517 /* MatchedUpTests */ = {
			isa = PBXGroup;
			children = (
				8FEC5A4B19B3E21D00E53517 /* MatchedUpTests.m */,
				8FEC5A4619B3E21D00E53517 /* Supporting Files */,
			);
			path = MatchedUpTests;
			sourceTree = "<group>";
		};
		8FEC5A4619B3E21D00E53517 /* Supporting Files */ = {
			isa = PBXGroup;
			children = (
				8FEC5A4719B3E21D00E53517 /* MatchedUpTests-Info.plist */,
				8FEC5A4819B3E21D00E53517 /* InfoPlist.strings */,
			);
			name = "Supporting Files";
			sourceTree = "<group>";
		};
		8FEC5A5819B3E30E00E53517 /* Login */ = {
			isa = PBXGroup;
			children = (
				8FEC5A5519B3E2FD00E53517 /* ITLoginViewController.h */,
				8FEC5A5619B3E2FD00E53517 /* ITLoginViewController.m */,
			);
			name = Login;
			sourceTree = "<group>";
		};
		8FEC5A5C19B6C94200E53517 /* Home */ = {
			isa = PBXGroup;
			children = (
				8FEC5A5D19B6C98300E53517 /* ITHomeViewController.h */,
				8FEC5A5E19B6C98300E53517 /* ITHomeViewController.m */,
			);
			name = Home;
			sourceTree = "<group>";
		};
		8FEC5A6019B6CF3500E53517 /* Settings */ = {
			isa = PBXGroup;
			children = (
				8FEC5A6119B6CF6A00E53517 /* ITSettingsViewController.h */,
				8FEC5A7E19BEB9BF00E53517 /* defaultPrefsFile.plist */,
				8FEC5A6219B6CF6A00E53517 /* ITSettingsViewController.m */,
			);
			name = Settings;
			sourceTree = "<group>";
		};
		8FEC5A6419BA15FD00E53517 /* Edit Profile */ = {
			isa = PBXGroup;
			children = (
				8FEC5A6519BA163200E53517 /* ITEditProfileViewController.h */,
				8FEC5A6619BA163200E53517 /* ITEditProfileViewController.m */,
			);
			name = "Edit Profile";
			sourceTree = "<group>";
		};
		8FEC5A6819BA199300E53517 /* Profile */ = {
			isa = PBXGroup;
			children = (
				8FEC5A6919BA19AF00E53517 /* ITProfileViewController.h */,
				8FEC5A6A19BA19AF00E53517 /* ITProfileViewController.m */,
			);
			name = Profile;
			sourceTree = "<group>";
		};
		8FEC5A6C19BA71F300E53517 /* CreateParseUser */ = {
			isa = PBXGroup;
			children = (
				8FEC5A6D19BA723500E53517 /* ITTestUser.h */,
				8FEC5A6E19BA723500E53517 /* ITTestUser.m */,
			);
			name = CreateParseUser;
			sourceTree = "<group>";
		};
		8FEC5A7219BC0F3900E53517 /* Match */ = {
			isa = PBXGroup;
			children = (
				8FEC5A7319BC0F6F00E53517 /* ITMatchViewController.h */,
				8FEC5A7419BC0F6F00E53517 /* ITMatchViewController.m */,
			);
			name = Match;
			sourceTree = "<group>";
		};
		8FEC5A7619BC126400E53517 /* Matches */ = {
			isa = PBXGroup;
			children = (
				8FEC5A7719BC129300E53517 /* ITMatchesViewController.h */,
				8FEC5A7819BC129300E53517 /* ITMatchesViewController.m */,
			);
			name = Matches;
			sourceTree = "<group>";
		};
		8FEC5A7A19BC136600E53517 /* Chat */ = {
			isa = PBXGroup;
			children = (
				8FEC5A7B19BC176C00E53517 /* ITChatViewController.h */,
				8FEC5A7C19BC176C00E53517 /* ITChatViewController.m */,
			);
			name = Chat;
			sourceTree = "<group>";
		};
		8FEC5BB619BFF55400E53517 /* Matched_Up_assets */ = {
			isa = PBXGroup;
			children = (
				8FEC5BB719BFF55400E53517 /* 00_SplashPage */,
				8FEC5BBD19BFF55400E53517 /* 01_LoginScreen */,
				8FEC5BC219BFF55400E53517 /* 02_HomeScreen */,
				8FEC5BD719BFF55400E53517 /* 03_Profile */,
				8FEC5BF419BFF55400E53517 /* 04_ChatList */,
				8FEC5C0119BFF55400E53517 /* 05_ChatWindow */,
				8FEC5C1019BFF55400E53517 /* 06_Settings */,
				8FEC5C1F19BFF55400E53517 /* 07_Profile_Edit */,
				8FEC5C2E19BFF55400E53517 /* 08_Match */,
				8FEC5C3319BFF55400E53517 /* _44px_Icon */,
				8FEC5C3A19BFF55400E53517 /* appicon */,
				8FEC5C5919BFF55400E53517 /* Matched_Up_DesignV3_red.pdf */,
			);
			path = Matched_Up_assets;
			sourceTree = "<group>";
		};
		8FEC5BB719BFF55400E53517 /* 00_SplashPage */ = {
			isa = PBXGroup;
			children = (
				8FEC5BB819BFF55400E53517 /* 960 */,
				8FEC5BBB19BFF55400E53517 /* BG.png */,
				8FEC5BBC19BFF55400E53517 /* BG@2x.png */,
			);
			path = 00_SplashPage;
			sourceTree = "<group>";
		};
		8FEC5BB819BFF55400E53517 /* 960 */ = {
			isa = PBXGroup;
			children = (
				8FEC5BB919BFF55400E53517 /* BG.png */,
				8FEC5BBA19BFF55400E53517 /* BG@2x.png */,
			);
			path = 960;
			sourceTree = "<group>";
		};
		8FEC5BBD19BFF55400E53517 /* 01_LoginScreen */ = {
			isa = PBXGroup;
			children = (
				8FEC5BBE19BFF55400E53517 /* Facebook.png */,
				8FEC5BBF19BFF55400E53517 /* Facebook@2x.png */,
				8FEC5BC019BFF55400E53517 /* Logo.png */,
				8FEC5BC119BFF55400E53517 /* Logo@2x.png */,
			);
			path = 01_LoginScreen;
			sourceTree = "<group>";
		};
		8FEC5BC219BFF55400E53517 /* 02_HomeScreen */ = {
			isa = PBXGroup;
			children = (
				8FEC5BC319BFF55400E53517 /* BG.png */,
				8FEC5BC419BFF55400E53517 /* BG@2x.png */,
				8FEC5BC519BFF55400E53517 /* ChatIcon.png */,
				8FEC5BC619BFF55400E53517 /* ChatIcon@2x.png */,
				8FEC5BC719BFF55400E53517 /* DislikeIcon.png */,
				8FEC5BC819BFF55400E53517 /* DislikeIcon@2x.png */,
				8FEC5BC919BFF55400E53517 /* InfoIcon.png */,
				8FEC5BCA19BFF55400E53517 /* InfoIcon@2x.png */,
				8FEC5BCB19BFF55400E53517 /* LikeIcon.png */,
				8FEC5BCC19BFF55400E53517 /* LikeIcon@2x.png */,
				8FEC5BCD19BFF55400E53517 /* Matched-Up.png */,
				8FEC5BCE19BFF55400E53517 /* Matched-Up@2x.png */,
				8FEC5BCF19BFF55400E53517 /* SettingIcon.png */,
				8FEC5BD019BFF55400E53517 /* SettingIcon@2x.png */,
				8FEC5BD119BFF55400E53517 /* Top_NavBG.png */,
				8FEC5BD219BFF55400E53517 /* Top_NavBG@2x.png */,
				8FEC5BD319BFF55400E53517 /* User_Image.png */,
				8FEC5BD419BFF55400E53517 /* User_Image@2x.png */,
				8FEC5BD519BFF55400E53517 /* VP_BG.png */,
				8FEC5BD619BFF55400E53517 /* VP_BG@2x.png */,
			);
			path = 02_HomeScreen;
			sourceTree = "<group>";
		};
		8FEC5BD719BFF55400E53517 /* 03_Profile */ = {
			isa = PBXGroup;
			children = (
				8FEC5BD819BFF55400E53517 /* About_BG.png */,
				8FEC5BD919BFF55400E53517 /* About_BG@2x.png */,
				8FEC5BDA19BFF55400E53517 /* AgeIcon.png */,
				8FEC5BDB19BFF55400E53517 /* AgeIcon@2x.png */,
				8FEC5BDC19BFF55400E53517 /* BG.png */,
				8FEC5BDD19BFF55400E53517 /* BG@2x.png */,
				8FEC5BDE19BFF55400E53517 /* ChatIcon.png */,
				8FEC5BDF19BFF55400E53517 /* ChatIcon@2x.png */,
				8FEC5BE019BFF55400E53517 /* DislikeIcon.png */,
				8FEC5BE119BFF55400E53517 /* DislikeIcon@2x.png */,
				8FEC5BE219BFF55400E53517 /* InfoIcon.png */,
				8FEC5BE319BFF55400E53517 /* InfoIcon@2x.png */,
				8FEC5BE419BFF55400E53517 /* LikeIcon.png */,
				8FEC5BE519BFF55400E53517 /* LikeIcon@2x.png */,
				8FEC5BE619BFF55400E53517 /* location.png */,
				8FEC5BE719BFF55400E53517 /* location@2x.png */,
				8FEC5BE819BFF55400E53517 /* NameAgeStatusBar.png */,
				8FEC5BE919BFF55400E53517 /* NameAgeStatusBar@2x.png */,
				8FEC5BEA19BFF55400E53517 /* SettingIcon.png */,
				8FEC5BEB19BFF55400E53517 /* SettingIcon@2x.png */,
				8FEC5BEC19BFF55400E53517 /* Single.png */,
				8FEC5BED19BFF55400E53517 /* Single@2x.png */,
				8FEC5BEE19BFF55400E53517 /* StatusIcon.png */,
				8FEC5BEF19BFF55400E53517 /* StatusIcon@2x.png */,
				8FEC5BF019BFF55400E53517 /* UserImage.png */,
				8FEC5BF119BFF55400E53517 /* UserImage@2x.png */,
				8FEC5BF219BFF55400E53517 /* VP_BG.png */,
				8FEC5BF319BFF55400E53517 /* VP_BG@2x.png */,
			);
			path = 03_Profile;
			sourceTree = "<group>";
		};
		8FEC5BF419BFF55400E53517 /* 04_ChatList */ = {
			isa = PBXGroup;
			children = (
				8FEC5BF519BFF55400E53517 /* back-icon.png */,
				8FEC5BF619BFF55400E53517 /* back-icon@2x.png */,
				8FEC5BF719BFF55400E53517 /* BG.png */,
				8FEC5BF819BFF55400E53517 /* BG@2x.png */,
				8FEC5BF919BFF55400E53517 /* Chat_user.png */,
				8FEC5BFA19BFF55400E53517 /* Chat_user@2x.png */,
				8FEC5BFB19BFF55400E53517 /* menu-icon.png */,
				8FEC5BFC19BFF55400E53517 /* menu-icon@2x.png */,
				8FEC5BFD19BFF55400E53517 /* SettingIcon.png */,
				8FEC5BFE19BFF55400E53517 /* SettingIcon@2x.png */,
				8FEC5BFF19BFF55400E53517 /* Top_NavBG.png */,
				8FEC5C0019BFF55400E53517 /* Top_NavBG@2x.png */,
			);
			path = 04_ChatList;
			sourceTree = "<group>";
		};
		8FEC5C0119BFF55400E53517 /* 05_ChatWindow */ = {
			isa = PBXGroup;
			children = (
				8FEC5C0219BFF55400E53517 /* back-icon.png */,
				8FEC5C0319BFF55400E53517 /* back-icon@2x.png */,
				8FEC5C0419BFF55400E53517 /* BG.png */,
				8FEC5C0519BFF55400E53517 /* BG@2x.png */,
				8FEC5C0619BFF55400E53517 /* form.png */,
				8FEC5C0719BFF55400E53517 /* form@2x.png */,
				8FEC5C0819BFF55400E53517 /* menu-icon.png */,
				8FEC5C0919BFF55400E53517 /* menu-icon@2x.png */,
				8FEC5C0A19BFF55400E53517 /* Send_Bar_BG.png */,
				8FEC5C0B19BFF55400E53517 /* Send_Bar_BG@2x.png */,
				8FEC5C0C19BFF55400E53517 /* SettingIcon.png */,
				8FEC5C0D19BFF55400E53517 /* SettingIcon@2x.png */,
				8FEC5C0E19BFF55400E53517 /* Top_NavBG.png */,
				8FEC5C0F19BFF55400E53517 /* Top_NavBG@2x.png */,
			);
			path = 05_ChatWindow;
			sourceTree = "<group>";
		};
		8FEC5C1019BFF55400E53517 /* 06_Settings */ = {
			isa = PBXGroup;
			children = (
				8FEC5C1119BFF55400E53517 /* back-icon.png */,
				8FEC5C1219BFF55400E53517 /* back-icon@2x.png */,
				8FEC5C1319BFF55400E53517 /* BG.png */,
				8FEC5C1419BFF55400E53517 /* BG@2x.png */,
				8FEC5C1519BFF55400E53517 /* EditProfile.png */,
				8FEC5C1619BFF55400E53517 /* EditProfile@2x.png */,
				8FEC5C1719BFF55400E53517 /* Logout.png */,
				8FEC5C1819BFF55400E53517 /* Logout@2x.png */,
				8FEC5C1919BFF55400E53517 /* menu-icon.png */,
				8FEC5C1A19BFF55400E53517 /* menu-icon@2x.png */,
				8FEC5C1B19BFF55400E53517 /* SettingIcon.png */,
				8FEC5C1C19BFF55400E53517 /* SettingIcon@2x.png */,
				8FEC5C1D19BFF55400E53517 /* Top_NavBG.png */,
				8FEC5C1E19BFF55400E53517 /* Top_NavBG@2x.png */,
			);
			path = 06_Settings;
			sourceTree = "<group>";
		};
		8FEC5C1F19BFF55400E53517 /* 07_Profile_Edit */ = {
			isa = PBXGroup;
			children = (
				8FEC5C2019BFF55400E53517 /* About_BG.png */,
				8FEC5C2119BFF55400E53517 /* About_BG@2x.png */,
				8FEC5C2219BFF55400E53517 /* back-icon.png */,
				8FEC5C2319BFF55400E53517 /* back-icon@2x.png */,
				8FEC5C2419BFF55400E53517 /* BG.png */,
				8FEC5C2519BFF55400E53517 /* BG@2x.png */,
				8FEC5C2619BFF55400E53517 /* menu-icon.png */,
				8FEC5C2719BFF55400E53517 /* menu-icon@2x.png */,
				8FEC5C2819BFF55400E53517 /* SettingIcon.png */,
				8FEC5C2919BFF55400E53517 /* SettingIcon@2x.png */,
				8FEC5C2A19BFF55400E53517 /* Top_NavBG.png */,
				8FEC5C2B19BFF55400E53517 /* Top_NavBG@2x.png */,
				8FEC5C2C19BFF55400E53517 /* UserImage.png */,
				8FEC5C2D19BFF55400E53517 /* UserImage@2x.png */,
			);
			path = 07_Profile_Edit;
			sourceTree = "<group>";
		};
		8FEC5C2E19BFF55400E53517 /* 08_Match */ = {
			isa = PBXGroup;
			children = (
				8FEC5C2F19BFF55400E53517 /* ChatNow_Icon.png */,
				8FEC5C3019BFF55400E53517 /* ChatNow_Icon@2x.png */,
				8FEC5C3119BFF55400E53517 /* Close-Button.png */,
				8FEC5C3219BFF55400E53517 /* Close-Button@2x.png */,
			);
			path = 08_Match;
			sourceTree = "<group>";
		};
		8FEC5C3319BFF55400E53517 /* _44px_Icon */ = {
			isa = PBXGroup;
			children = (
				8FEC5C3419BFF55400E53517 /* back-icon.png */,
				8FEC5C3519BFF55400E53517 /* back-icon@2x.png */,
				8FEC5C3619BFF55400E53517 /* ChatIcon.png */,
				8FEC5C3719BFF55400E53517 /* ChatIcon@2x.png */,
				8FEC5C3819BFF55400E53517 /* SettingIcon.png */,
				8FEC5C3919BFF55400E53517 /* SettingIcon@2x.png */,
			);
			path = _44px_Icon;
			sourceTree = "<group>";
		};
		8FEC5C3A19BFF55400E53517 /* appicon */ = {
			isa = PBXGroup;
			children = (
				8FEC5C3B19BFF55400E53517 /* _Source */,
				8FEC5C3D19BFF55400E53517 /* ios */,
				8FEC5C4819BFF55400E53517 /* ios7 */,
			);
			path = appicon;
			sourceTree = "<group>";
		};
		8FEC5C3B19BFF55400E53517 /* _Source */ = {
			isa = PBXGroup;
			children = (
				8FEC5C3C19BFF55400E53517 /* 1024_icon-1-01.png */,
			);
			path = _Source;
			sourceTree = "<group>";
		};
		8FEC5C3D19BFF55400E53517 /* ios */ = {
			isa = PBXGroup;
			children = (
				8FEC5C3E19BFF55400E53517 /* Icon-72.png */,
				8FEC5C3F19BFF55400E53517 /* Icon-72@2x.png */,
				8FEC5C4019BFF55400E53517 /* Icon-Small-50.png */,
				8FEC5C4119BFF55400E53517 /* Icon-Small-50@2x.png */,
				8FEC5C4219BFF55400E53517 /* Icon-Small.png */,
				8FEC5C4319BFF55400E53517 /* Icon-Small@2x.png */,
				8FEC5C4419BFF55400E53517 /* Icon.png */,
				8FEC5C4519BFF55400E53517 /* Icon@2x.png */,
				8FEC5C4619BFF55400E53517 /* iTunesArtwork.png */,
				8FEC5C4719BFF55400E53517 /* iTunesArtwork@2x.png */,
			);
			path = ios;
			sourceTree = "<group>";
		};
		8FEC5C4819BFF55400E53517 /* ios7 */ = {
			isa = PBXGroup;
			children = (
				8FEC5C4919BFF55400E53517 /* Icon-40.png */,
				8FEC5C4A19BFF55400E53517 /* Icon-40@2x.png */,
				8FEC5C4B19BFF55400E53517 /* Icon-60.png */,
				8FEC5C4C19BFF55400E53517 /* Icon-60@2x.png */,
				8FEC5C4D19BFF55400E53517 /* Icon-72.png */,
				8FEC5C4E19BFF55400E53517 /* Icon-72@2x.png */,
				8FEC5C4F19BFF55400E53517 /* Icon-76.png */,
				8FEC5C5019BFF55400E53517 /* Icon-76@2x.png */,
				8FEC5C5119BFF55400E53517 /* Icon-Small-50.png */,
				8FEC5C5219BFF55400E53517 /* Icon-Small-50@2x.png */,
				8FEC5C5319BFF55400E53517 /* Icon-Small.png */,
				8FEC5C5419BFF55400E53517 /* Icon-Small@2x.png */,
				8FEC5C5519BFF55400E53517 /* Icon.png */,
				8FEC5C5619BFF55400E53517 /* Icon@2x.png */,
				8FEC5C5719BFF55400E53517 /* iTunesArtwork.png */,
				8FEC5C5819BFF55400E53517 /* iTunesArtwork@2x.png */,
			);
			path = ios7;
			sourceTree = "<group>";
		};
/* End PBXGroup section */

/* Begin PBXNativeTarget section */
		8FEC5A1919B3E21C00E53517 /* MatchedUp */ = {
			isa = PBXNativeTarget;
			buildConfigurationList = 8FEC5A4F19B3E21D00E53517 /* Build configuration list for PBXNativeTarget "MatchedUp" */;
			buildPhases = (
				517DF5392F7D4196B4303532 /* Check Pods Manifest.lock */,
				8FEC5A1619B3E21C00E53517 /* Sources */,
				8FEC5A1719B3E21C00E53517 /* Frameworks */,
				8FEC5A1819B3E21C00E53517 /* Resources */,
				19D03001626340BE9B8AB460 /* Copy Pods Resources */,
			);
			buildRules = (
			);
			dependencies = (
			);
			name = MatchedUp;
			productName = MatchedUp;
			productReference = 8FEC5A1A19B3E21C00E53517 /* MatchedUp.app */;
			productType = "com.apple.product-type.application";
		};
		8FEC5A3D19B3E21D00E53517 /* MatchedUpTests */ = {
			isa = PBXNativeTarget;
			buildConfigurationList = 8FEC5A5219B3E21D00E53517 /* Build configuration list for PBXNativeTarget "MatchedUpTests" */;
			buildPhases = (
				8FEC5A3A19B3E21D00E53517 /* Sources */,
				8FEC5A3B19B3E21D00E53517 /* Frameworks */,
				8FEC5A3C19B3E21D00E53517 /* Resources */,
			);
			buildRules = (
			);
			dependencies = (
				8FEC5A4419B3E21D00E53517 /* PBXTargetDependency */,
			);
			name = MatchedUpTests;
			productName = MatchedUpTests;
			productReference = 8FEC5A3E19B3E21D00E53517 /* MatchedUpTests.xctest */;
			productType = "com.apple.product-type.bundle.unit-test";
		};
/* End PBXNativeTarget section */

/* Begin PBXProject section */
		8FEC5A1219B3E21C00E53517 /* Project object */ = {
			isa = PBXProject;
			attributes = {
				CLASSPREFIX = IT;
				LastUpgradeCheck = 0510;
				ORGANIZATIONNAME = "InfoTech Inc";
				TargetAttributes = {
					8FEC5A3D19B3E21D00E53517 = {
						TestTargetID = 8FEC5A1919B3E21C00E53517;
					};
				};
			};
			buildConfigurationList = 8FEC5A1519B3E21C00E53517 /* Build configuration list for PBXProject "MatchedUp" */;
			compatibilityVersion = "Xcode 3.2";
			developmentRegion = English;
			hasScannedForEncodings = 0;
			knownRegions = (
				en,
				Base,
			);
			mainGroup = 8FEC5A1119B3E21C00E53517;
			productRefGroup = 8FEC5A1B19B3E21C00E53517 /* Products */;
			projectDirPath = "";
			projectRoot = "";
			targets = (
				8FEC5A1919B3E21C00E53517 /* MatchedUp */,
				8FEC5A3D19B3E21D00E53517 /* MatchedUpTests */,
			);
		};
/* End PBXProject section */

/* Begin PBXResourcesBuildPhase section */
		8FEC5A1819B3E21C00E53517 /* Resources */ = {
			isa = PBXResourcesBuildPhase;
			buildActionMask = 2147483647;
			files = (
				8FEC5C7D19BFF55400E53517 /* ChatIcon@2x.png in Resources */,
				8FEC5C6019BFF55400E53517 /* Logo.png in Resources */,
				8FEC5CB519BFF55400E53517 /* menu-icon@2x.png in Resources */,
				8FEC5CDE19BFF55400E53517 /* Icon-40@2x.png in Resources */,
				8FEC5C9419BFF55400E53517 /* BG.png in Resources */,
				8FEC5C6C19BFF55400E53517 /* Matched-Up.png in Resources */,
				8FEC5C8319BFF55400E53517 /* LikeIcon@2x.png in Resources */,
				8FEC5C7719BFF55400E53517 /* About_BG@2x.png in Resources */,
				8FEC5A3919B3E21D00E53517 /* Images.xcassets in Resources */,
				8FEC5C9019BFF55400E53517 /* VP_BG.png in Resources */,
				8FEC5CD019BFF55400E53517 /* SettingIcon.png in Resources */,
				8FEC5CD419BFF55400E53517 /* Icon-72@2x.png in Resources */,
				8FEC5C9C19BFF55400E53517 /* Top_NavBG.png in Resources */,
				8FEC5C6319BFF55400E53517 /* BG@2x.png in Resources */,
				8FEC5CC819BFF55400E53517 /* ChatNow_Icon.png in Resources */,
				8FEC5C7E19BFF55400E53517 /* DislikeIcon.png in Resources */,
				8FEC5CD219BFF55400E53517 /* 1024_icon-1-01.png in Resources */,
				8FEC5CA219BFF55400E53517 /* form.png in Resources */,
				8FEC5C9619BFF55400E53517 /* Chat_user.png in Resources */,
				8FEC5CEA19BFF55400E53517 /* Icon@2x.png in Resources */,
				8FEC5C7619BFF55400E53517 /* About_BG.png in Resources */,
				8FEC5C7219BFF55400E53517 /* User_Image.png in Resources */,
				8FEC5CA319BFF55400E53517 /* form@2x.png in Resources */,
				8FEC5CD819BFF55400E53517 /* Icon-Small@2x.png in Resources */,
				8FEC5C9F19BFF55400E53517 /* back-icon@2x.png in Resources */,
				8FEC5CD619BFF55400E53517 /* Icon-Small-50@2x.png in Resources */,
				8FEC5C9319BFF55400E53517 /* back-icon@2x.png in Resources */,
				8FEC5CA919BFF55400E53517 /* SettingIcon@2x.png in Resources */,
				8FEC5C9E19BFF55400E53517 /* back-icon.png in Resources */,
				8FEC5C5E19BFF55400E53517 /* Facebook.png in Resources */,
				8FEC5CA519BFF55400E53517 /* menu-icon@2x.png in Resources */,
				8FEC5CED19BFF55400E53517 /* Matched_Up_DesignV3_red.pdf in Resources */,
				8FEC5CCE19BFF55400E53517 /* ChatIcon.png in Resources */,
				8FEC5CE019BFF55400E53517 /* Icon-60@2x.png in Resources */,
				8FEC5CE519BFF55400E53517 /* Icon-Small-50.png in Resources */,
				8FEC5C8119BFF55400E53517 /* InfoIcon@2x.png in Resources */,
				8FEC5CE619BFF55400E53517 /* Icon-Small-50@2x.png in Resources */,
				8FEC5C6119BFF55400E53517 /* Logo@2x.png in Resources */,
				8FEC5C7319BFF55400E53517 /* User_Image@2x.png in Resources */,
				8FEC5CB219BFF55400E53517 /* Logout.png in Resources */,
				8FEC5C9219BFF55400E53517 /* back-icon.png in Resources */,
				8FEC5C8C19BFF55400E53517 /* StatusIcon.png in Resources */,
				8FEC5CB119BFF55400E53517 /* EditProfile@2x.png in Resources */,
				8FEC5C6719BFF55400E53517 /* DislikeIcon@2x.png in Resources */,
				8FEC5C7119BFF55400E53517 /* Top_NavBG@2x.png in Resources */,
				8FEC5C7419BFF55400E53517 /* VP_BG.png in Resources */,
				8FEC5CA819BFF55400E53517 /* SettingIcon.png in Resources */,
				8FEC5C9519BFF55400E53517 /* BG@2x.png in Resources */,
				8FEC5C8E19BFF55400E53517 /* UserImage.png in Resources */,
				8FEC5C6E19BFF55400E53517 /* SettingIcon.png in Resources */,
				8FEC5CE419BFF55400E53517 /* Icon-76@2x.png in Resources */,
				8FEC5C9119BFF55400E53517 /* VP_BG@2x.png in Resources */,
				8FEC5CEC19BFF55400E53517 /* iTunesArtwork@2x.png in Resources */,
				8FEC5CE719BFF55400E53517 /* Icon-Small.png in Resources */,
				8FEC5C5F19BFF55400E53517 /* Facebook@2x.png in Resources */,
				8FEC5CB919BFF55400E53517 /* Top_NavBG@2x.png in Resources */,
				8FEC5CAB19BFF55400E53517 /* Top_NavBG@2x.png in Resources */,
				8FEC5C9B19BFF55400E53517 /* SettingIcon@2x.png in Resources */,
				8FEC5C8A19BFF55400E53517 /* Single.png in Resources */,
				8FEC5C6619BFF55400E53517 /* DislikeIcon.png in Resources */,
				8FEC5CC919BFF55400E53517 /* ChatNow_Icon@2x.png in Resources */,
				8FEC5CC619BFF55400E53517 /* UserImage.png in Resources */,
				8FEC5CDF19BFF55400E53517 /* Icon-60.png in Resources */,
				8FEC5C8B19BFF55400E53517 /* Single@2x.png in Resources */,
				8FEC5CB419BFF55400E53517 /* menu-icon.png in Resources */,
				8FEC5C7C19BFF55400E53517 /* ChatIcon.png in Resources */,
				8FEC5CAD19BFF55400E53517 /* back-icon@2x.png in Resources */,
				8FEC5CC419BFF55400E53517 /* Top_NavBG.png in Resources */,
				8FEC5A7119BA763300E53517 /* profileImage.jpeg in Resources */,
				8FEC5CBF19BFF55400E53517 /* BG@2x.png in Resources */,
				8FEC5C8619BFF55400E53517 /* NameAgeStatusBar.png in Resources */,
				8FEC5CBE19BFF55400E53517 /* BG.png in Resources */,
				8FEC5C6D19BFF55400E53517 /* Matched-Up@2x.png in Resources */,
				8FEC5C8719BFF55400E53517 /* NameAgeStatusBar@2x.png in Resources */,
				8FEC5CA719BFF55400E53517 /* Send_Bar_BG@2x.png in Resources */,
				8FEC5CAF19BFF55400E53517 /* BG@2x.png in Resources */,
				8FEC5C6219BFF55400E53517 /* BG.png in Resources */,
				8FEC5CC219BFF55400E53517 /* SettingIcon.png in Resources */,
				8FEC5CE919BFF55400E53517 /* Icon.png in Resources */,
				8FEC5C6919BFF55400E53517 /* InfoIcon@2x.png in Resources */,
				8FEC5CAE19BFF55400E53517 /* BG.png in Resources */,
				8FEC5CC319BFF55400E53517 /* SettingIcon@2x.png in Resources */,
				8FEC5C6519BFF55400E53517 /* ChatIcon@2x.png in Resources */,
				8FEC5CA619BFF55400E53517 /* Send_Bar_BG.png in Resources */,
				8FEC5CEB19BFF55400E53517 /* iTunesArtwork.png in Resources */,
				8FEC5CE219BFF55400E53517 /* Icon-72@2x.png in Resources */,
				8FEC5C8019BFF55400E53517 /* InfoIcon.png in Resources */,
				8FEC5C6419BFF55400E53517 /* ChatIcon.png in Resources */,
				8FEC5CD719BFF55400E53517 /* Icon-Small.png in Resources */,
				8FEC5CB719BFF55400E53517 /* SettingIcon@2x.png in Resources */,
				8FEC5C9919BFF55400E53517 /* menu-icon@2x.png in Resources */,
				8FEC5CD119BFF55400E53517 /* SettingIcon@2x.png in Resources */,
				8FEC5C6B19BFF55400E53517 /* LikeIcon@2x.png in Resources */,
				8FEC5CAC19BFF55400E53517 /* back-icon.png in Resources */,
				8FEC5CDA19BFF55400E53517 /* Icon@2x.png in Resources */,
				8FEC5CD519BFF55400E53517 /* Icon-Small-50.png in Resources */,
				8FEC5CC019BFF55400E53517 /* menu-icon.png in Resources */,
				8FEC5C5C19BFF55400E53517 /* BG.png in Resources */,
				8FEC5C8519BFF55400E53517 /* location@2x.png in Resources */,
				8FEC5CAA19BFF55400E53517 /* Top_NavBG.png in Resources */,
				8FEC5CBB19BFF55400E53517 /* About_BG@2x.png in Resources */,
				8FEC5C8819BFF55400E53517 /* SettingIcon.png in Resources */,
				8FEC5C5A19BFF55400E53517 /* BG.png in Resources */,
				8FEC5A2819B3E21C00E53517 /* InfoPlist.strings in Resources */,
				8FEC5CCF19BFF55400E53517 /* ChatIcon@2x.png in Resources */,
				8FEC5CB019BFF55400E53517 /* EditProfile.png in Resources */,
				8FEC5CBA19BFF55400E53517 /* About_BG.png in Resources */,
				8FEC5CBD19BFF55400E53517 /* back-icon@2x.png in Resources */,
				8FEC5C8D19BFF55400E53517 /* StatusIcon@2x.png in Resources */,
				8FEC5C7519BFF55400E53517 /* VP_BG@2x.png in Resources */,
				8FEC5C9719BFF55400E53517 /* Chat_user@2x.png in Resources */,
				8FEC5C7019BFF55400E53517 /* Top_NavBG.png in Resources */,
				8FEC5C7A19BFF55400E53517 /* BG.png in Resources */,
				8FEC5CA419BFF55400E53517 /* menu-icon.png in Resources */,
				8FEC5CE319BFF55400E53517 /* Icon-76.png in Resources */,
				8FEC5C8919BFF55400E53517 /* SettingIcon@2x.png in Resources */,
				8FEC5C5D19BFF55400E53517 /* BG@2x.png in Resources */,
				8FEC5C6819BFF55400E53517 /* InfoIcon.png in Resources */,
				8FEC5A3119B3E21C00E53517 /* Main.storyboard in Resources */,
				8FEC5C9A19BFF55400E53517 /* SettingIcon.png in Resources */,
				8FEC5C6A19BFF55400E53517 /* LikeIcon.png in Resources */,
				8FEC5CCB19BFF55400E53517 /* Close-Button@2x.png in Resources */,
				8FEC5CE819BFF55400E53517 /* Icon-Small@2x.png in Resources */,
				8FEC5C7919BFF55400E53517 /* AgeIcon@2x.png in Resources */,
				8FEC5C8419BFF55400E53517 /* location.png in Resources */,
				8FEC5C8219BFF55400E53517 /* LikeIcon.png in Resources */,
				8FEC5CC719BFF55400E53517 /* UserImage@2x.png in Resources */,
				8FEC5CCA19BFF55400E53517 /* Close-Button.png in Resources */,
				8FEC5CB619BFF55400E53517 /* SettingIcon.png in Resources */,
				8FEC5CCD19BFF55400E53517 /* back-icon@2x.png in Resources */,
				8FEC5CC519BFF55400E53517 /* Top_NavBG@2x.png in Resources */,
				8FEC5CE119BFF55400E53517 /* Icon-72.png in Resources */,
				8FEC5CA019BFF55400E53517 /* BG.png in Resources */,
				8FEC5C7819BFF55400E53517 /* AgeIcon.png in Resources */,
				8FEC5C7B19BFF55400E53517 /* BG@2x.png in Resources */,
				8FEC5CA119BFF55400E53517 /* BG@2x.png in Resources */,
				8FEC5CC119BFF55400E53517 /* menu-icon@2x.png in Resources */,
				8FEC5C7F19BFF55400E53517 /* DislikeIcon@2x.png in Resources */,
				8FEC5CBC19BFF55400E53517 /* back-icon.png in Resources */,
				8FEC5CDC19BFF55400E53517 /* iTunesArtwork@2x.png in Resources */,
				8FEC5CDB19BFF55400E53517 /* iTunesArtwork.png in Resources */,
				8FEC5CB819BFF55400E53517 /* Top_NavBG.png in Resources */,
				8FEC5CD319BFF55400E53517 /* Icon-72.png in Resources */,
				8FEC5CD919BFF55400E53517 /* Icon.png in Resources */,
				8FEC5C9D19BFF55400E53517 /* Top_NavBG@2x.png in Resources */,
				8FEC5C6F19BFF55400E53517 /* SettingIcon@2x.png in Resources */,
				8FEC5C8F19BFF55400E53517 /* UserImage@2x.png in Resources */,
				8FEC5A7F19BEB9BF00E53517 /* defaultPrefsFile.plist in Resources */,
				8FEC5C5B19BFF55400E53517 /* BG@2x.png in Resources */,
				8FEC5C9819BFF55400E53517 /* menu-icon.png in Resources */,
				8FEC5CB319BFF55400E53517 /* Logout@2x.png in Resources */,
				8FEC5CDD19BFF55400E53517 /* Icon-40.png in Resources */,
				8FEC5CCC19BFF55400E53517 /* back-icon.png in Resources */,
			);
			runOnlyForDeploymentPostprocessing = 0;
		};
		8FEC5A3C19B3E21D00E53517 /* Resources */ = {
			isa = PBXResourcesBuildPhase;
			buildActionMask = 2147483647;
			files = (
				8FEC5A4A19B3E21D00E53517 /* InfoPlist.strings in Resources */,
			);
			runOnlyForDeploymentPostprocessing = 0;
		};
/* End PBXResourcesBuildPhase section */

/* Begin PBXShellScriptBuildPhase section */
		19D03001626340BE9B8AB460 /* Copy Pods Resources */ = {
			isa = PBXShellScriptBuildPhase;
			buildActionMask = 2147483647;
			files = (
			);
			inputPaths = (
			);
			name = "Copy Pods Resources";
			outputPaths = (
			);
			runOnlyForDeploymentPostprocessing = 0;
			shellPath = /bin/sh;
			shellScript = "\"${SRCROOT}/Pods/Pods-resources.sh\"\n";
			showEnvVarsInLog = 0;
		};
		517DF5392F7D4196B4303532 /* Check Pods Manifest.lock */ = {
			isa = PBXShellScriptBuildPhase;
			buildActionMask = 2147483647;
			files = (
			);
			inputPaths = (
			);
			name = "Check Pods Manifest.lock";
			outputPaths = (
			);
			runOnlyForDeploymentPostprocessing = 0;
			shellPath = /bin/sh;
			shellScript = "diff \"${PODS_ROOT}/../Podfile.lock\" \"${PODS_ROOT}/Manifest.lock\" > /dev/null\nif [[ $? != 0 ]] ; then\n    cat << EOM\nerror: The sandbox is not in sync with the Podfile.lock. Run 'pod install' or update your CocoaPods installation.\nEOM\n    exit 1\nfi\n";
			showEnvVarsInLog = 0;
		};
/* End PBXShellScriptBuildPhase section */

/* Begin PBXSourcesBuildPhase section */
		8FEC5A1619B3E21C00E53517 /* Sources */ = {
			isa = PBXSourcesBuildPhase;
			buildActionMask = 2147483647;
			files = (
				8FEC5A6319B6CF6A00E53517 /* ITSettingsViewController.m in Sources */,
				8FEC5A6B19BA19AF00E53517 /* ITProfileViewController.m in Sources */,
				8FEC5A6F19BA723500E53517 /* ITTestUser.m in Sources */,
				8FEC5A5B19B5721900E53517 /* ITConstants.m in Sources */,
				8FEC5A5719B3E2FD00E53517 /* ITLoginViewController.m in Sources */,
				8FEC5A7919BC129300E53517 /* ITMatchesViewController.m in Sources */,
				8FEC5A7519BC0F6F00E53517 /* ITMatchViewController.m in Sources */,
				8FEC5A2A19B3E21C00E53517 /* main.m in Sources */,
				8FEC5A5F19B6C98300E53517 /* ITHomeViewController.m in Sources */,
				8FEC5A7D19BC176C00E53517 /* ITChatViewController.m in Sources */,
				8FEC5A2E19B3E21C00E53517 /* ITAppDelegate.m in Sources */,
				8FEC5A6719BA163200E53517 /* ITEditProfileViewController.m in Sources */,
			);
			runOnlyForDeploymentPostprocessing = 0;
		};
		8FEC5A3A19B3E21D00E53517 /* Sources */ = {
			isa = PBXSourcesBuildPhase;
			buildActionMask = 2147483647;
			files = (
				8FEC5A4C19B3E21D00E53517 /* MatchedUpTests.m in Sources */,
			);
			runOnlyForDeploymentPostprocessing = 0;
		};
/* End PBXSourcesBuildPhase section */

/* Begin PBXTargetDependency section */
		8FEC5A4419B3E21D00E53517 /* PBXTargetDependency */ = {
			isa = PBXTargetDependency;
			target = 8FEC5A1919B3E21C00E53517 /* MatchedUp */;
			targetProxy = 8FEC5A4319B3E21D00E53517 /* PBXContainerItemProxy */;
		};
/* End PBXTargetDependency section */

/* Begin PBXVariantGroup section */
		8FEC5A2619B3E21C00E53517 /* InfoPlist.strings */ = {
			isa = PBXVariantGroup;
			children = (
				8FEC5A2719B3E21C00E53517 /* en */,
			);
			name = InfoPlist.strings;
			sourceTree = "<group>";
		};
		8FEC5A2F19B3E21C00E53517 /* Main.storyboard */ = {
			isa = PBXVariantGroup;
			children = (
				8FEC5A3019B3E21C00E53517 /* Base */,
			);
			name = Main.storyboard;
			sourceTree = "<group>";
		};
		8FEC5A4819B3E21D00E53517 /* InfoPlist.strings */ = {
			isa = PBXVariantGroup;
			children = (
				8FEC5A4919B3E21D00E53517 /* en */,
			);
			name = InfoPlist.strings;
			sourceTree = "<group>";
		};
/* End PBXVariantGroup section */

/* Begin XCBuildConfiguration section */
		8FEC5A4D19B3E21D00E53517 /* Debug */ = {
			isa = XCBuildConfiguration;
			buildSettings = {
				ALWAYS_SEARCH_USER_PATHS = NO;
				CLANG_CXX_LANGUAGE_STANDARD = "gnu++0x";
				CLANG_CXX_LIBRARY = "libc++";
				CLANG_ENABLE_MODULES = YES;
				CLANG_ENABLE_OBJC_ARC = YES;
				CLANG_WARN_BOOL_CONVERSION = YES;
				CLANG_WARN_CONSTANT_CONVERSION = YES;
				CLANG_WARN_DIRECT_OBJC_ISA_USAGE = YES_ERROR;
				CLANG_WARN_EMPTY_BODY = YES;
				CLANG_WARN_ENUM_CONVERSION = YES;
				CLANG_WARN_INT_CONVERSION = YES;
				CLANG_WARN_OBJC_ROOT_CLASS = YES_ERROR;
				CLANG_WARN__DUPLICATE_METHOD_MATCH = YES;
				"CODE_SIGN_IDENTITY[sdk=iphoneos*]" = "iPhone Developer";
				COPY_PHASE_STRIP = NO;
				GCC_C_LANGUAGE_STANDARD = gnu99;
				GCC_DYNAMIC_NO_PIC = NO;
				GCC_OPTIMIZATION_LEVEL = 0;
				GCC_PREPROCESSOR_DEFINITIONS = (
					"DEBUG=1",
					"$(inherited)",
				);
				GCC_SYMBOLS_PRIVATE_EXTERN = NO;
				GCC_WARN_64_TO_32_BIT_CONVERSION = YES;
				GCC_WARN_ABOUT_RETURN_TYPE = YES_ERROR;
				GCC_WARN_UNDECLARED_SELECTOR = YES;
				GCC_WARN_UNINITIALIZED_AUTOS = YES_AGGRESSIVE;
				GCC_WARN_UNUSED_FUNCTION = YES;
				GCC_WARN_UNUSED_VARIABLE = YES;
				IPHONEOS_DEPLOYMENT_TARGET = 7.1;
				ONLY_ACTIVE_ARCH = YES;
				SDKROOT = iphoneos;
			};
			name = Debug;
		};
		8FEC5A4E19B3E21D00E53517 /* Release */ = {
			isa = XCBuildConfiguration;
			buildSettings = {
				ALWAYS_SEARCH_USER_PATHS = NO;
				CLANG_CXX_LANGUAGE_STANDARD = "gnu++0x";
				CLANG_CXX_LIBRARY = "libc++";
				CLANG_ENABLE_MODULES = YES;
				CLANG_ENABLE_OBJC_ARC = YES;
				CLANG_WARN_BOOL_CONVERSION = YES;
				CLANG_WARN_CONSTANT_CONVERSION = YES;
				CLANG_WARN_DIRECT_OBJC_ISA_USAGE = YES_ERROR;
				CLANG_WARN_EMPTY_BODY = YES;
				CLANG_WARN_ENUM_CONVERSION = YES;
				CLANG_WARN_INT_CONVERSION = YES;
				CLANG_WARN_OBJC_ROOT_CLASS = YES_ERROR;
				CLANG_WARN__DUPLICATE_METHOD_MATCH = YES;
				"CODE_SIGN_IDENTITY[sdk=iphoneos*]" = "iPhone Developer";
				COPY_PHASE_STRIP = YES;
				ENABLE_NS_ASSERTIONS = NO;
				GCC_C_LANGUAGE_STANDARD = gnu99;
				GCC_WARN_64_TO_32_BIT_CONVERSION = YES;
				GCC_WARN_ABOUT_RETURN_TYPE = YES_ERROR;
				GCC_WARN_UNDECLARED_SELECTOR = YES;
				GCC_WARN_UNINITIALIZED_AUTOS = YES_AGGRESSIVE;
				GCC_WARN_UNUSED_FUNCTION = YES;
				GCC_WARN_UNUSED_VARIABLE = YES;
				IPHONEOS_DEPLOYMENT_TARGET = 7.1;
				SDKROOT = iphoneos;
				VALIDATE_PRODUCT = YES;
			};
			name = Release;
		};
		8FEC5A5019B3E21D00E53517 /* Debug */ = {
			isa = XCBuildConfiguration;
			baseConfigurationReference = D62ADE1A38C54BF0A41A5926 /* Pods.xcconfig */;
			buildSettings = {
				ASSETCATALOG_COMPILER_APPICON_NAME = AppIcon;
				ASSETCATALOG_COMPILER_LAUNCHIMAGE_NAME = LaunchImage;
				GCC_PRECOMPILE_PREFIX_HEADER = YES;
				GCC_PREFIX_HEADER = "MatchedUp/MatchedUp-Prefix.pch";
				INFOPLIST_FILE = "MatchedUp/MatchedUp-Info.plist";
				PRODUCT_NAME = "$(TARGET_NAME)";
				WRAPPER_EXTENSION = app;
			};
			name = Debug;
		};
		8FEC5A5119B3E21D00E53517 /* Release */ = {
			isa = XCBuildConfiguration;
			baseConfigurationReference = D62ADE1A38C54BF0A41A5926 /* Pods.xcconfig */;
			buildSettings = {
				ASSETCATALOG_COMPILER_APPICON_NAME = AppIcon;
				ASSETCATALOG_COMPILER_LAUNCHIMAGE_NAME = LaunchImage;
				GCC_PRECOMPILE_PREFIX_HEADER = YES;
				GCC_PREFIX_HEADER = "MatchedUp/MatchedUp-Prefix.pch";
				INFOPLIST_FILE = "MatchedUp/MatchedUp-Info.plist";
				PRODUCT_NAME = "$(TARGET_NAME)";
				WRAPPER_EXTENSION = app;
			};
			name = Release;
		};
		8FEC5A5319B3E21D00E53517 /* Debug */ = {
			isa = XCBuildConfiguration;
			buildSettings = {
				BUNDLE_LOADER = "$(BUILT_PRODUCTS_DIR)/MatchedUp.app/MatchedUp";
				FRAMEWORK_SEARCH_PATHS = (
					"$(SDKROOT)/Developer/Library/Frameworks",
					"$(inherited)",
					"$(DEVELOPER_FRAMEWORKS_DIR)",
				);
				GCC_PRECOMPILE_PREFIX_HEADER = YES;
				GCC_PREFIX_HEADER = "MatchedUp/MatchedUp-Prefix.pch";
				GCC_PREPROCESSOR_DEFINITIONS = (
					"DEBUG=1",
					"$(inherited)",
				);
				INFOPLIST_FILE = "MatchedUpTests/MatchedUpTests-Info.plist";
				PRODUCT_NAME = "$(TARGET_NAME)";
				TEST_HOST = "$(BUNDLE_LOADER)";
				WRAPPER_EXTENSION = xctest;
			};
			name = Debug;
		};
		8FEC5A5419B3E21D00E53517 /* Release */ = {
			isa = XCBuildConfiguration;
			buildSettings = {
				BUNDLE_LOADER = "$(BUILT_PRODUCTS_DIR)/MatchedUp.app/MatchedUp";
				FRAMEWORK_SEARCH_PATHS = (
					"$(SDKROOT)/Developer/Library/Frameworks",
					"$(inherited)",
					"$(DEVELOPER_FRAMEWORKS_DIR)",
				);
				GCC_PRECOMPILE_PREFIX_HEADER = YES;
				GCC_PREFIX_HEADER = "MatchedUp/MatchedUp-Prefix.pch";
				INFOPLIST_FILE = "MatchedUpTests/MatchedUpTests-Info.plist";
				PRODUCT_NAME = "$(TARGET_NAME)";
				TEST_HOST = "$(BUNDLE_LOADER)";
				WRAPPER_EXTENSION = xctest;
			};
			name = Release;
		};
/* End XCBuildConfiguration section */

/* Begin XCConfigurationList section */
		8FEC5A1519B3E21C00E53517 /* Build configuration list for PBXProject "MatchedUp" */ = {
			isa = XCConfigurationList;
			buildConfigurations = (
				8FEC5A4D19B3E21D00E53517 /* Debug */,
				8FEC5A4E19B3E21D00E53517 /* Release */,
			);
			defaultConfigurationIsVisible = 0;
			defaultConfigurationName = Release;
		};
		8FEC5A4F19B3E21D00E53517 /* Build configuration list for PBXNativeTarget "MatchedUp" */ = {
			isa = XCConfigurationList;
			buildConfigurations = (
				8FEC5A5019B3E21D00E53517 /* Debug */,
				8FEC5A5119B3E21D00E53517 /* Release */,
			);
			defaultConfigurationIsVisible = 0;
			defaultConfigurationName = Release;
		};
		8FEC5A5219B3E21D00E53517 /* Build configuration list for PBXNativeTarget "MatchedUpTests" */ = {
			isa = XCConfigurationList;
			buildConfigurations = (
				8FEC5A5319B3E21D00E53517 /* Debug */,
				8FEC5A5419B3E21D00E53517 /* Release */,
			);
			defaultConfigurationIsVisible = 0;
			defaultConfigurationName = Release;
		};
/* End XCConfigurationList section */
	};
	rootObject = 8FEC5A1219B3E21C00E53517 /* Project object */;
}
